// !$*UTF8*$!
{
	archiveVersion = 1;
	classes = {
	};
	objectVersion = 46;
	objects = {

/* Begin PBXBuildFile section */
		3201088596B4756681693705 /* libThree20UICommon.a in Frameworks */ = {isa = PBXBuildFile; fileRef = 3201088596B4756681693704 /* libThree20UICommon.a */; };
		320A2827FEC940B25BC42C65 /* libThree20Core.a in Frameworks */ = {isa = PBXBuildFile; fileRef = 320A2827FEC940B25BC42C64 /* libThree20Core.a */; };
		320A5A189C235877202780D5 /* libThree20Network.a in Frameworks */ = {isa = PBXBuildFile; fileRef = 320A5A189C235877202780D4 /* libThree20Network.a */; };
		320A737074758E53BA54BE95 /* libThree20UINavigator.a in Frameworks */ = {isa = PBXBuildFile; fileRef = 320A737074758E53BA54BE94 /* libThree20UINavigator.a */; };
		320AF8492C47A4D819F7C451 /* QuartzCore.framework in Frameworks */ = {isa = PBXBuildFile; fileRef = 320AF8492C47A4D819F7C450 /* QuartzCore.framework */; };
		320B6C86F11D9990244A9731 /* Three20.bundle in Resources */ = {isa = PBXBuildFile; fileRef = 320B6C86F11D9990244A9730 /* Three20.bundle */; };
		320CC833B8AF0ACFD35E6225 /* libThree20Style.a in Frameworks */ = {isa = PBXBuildFile; fileRef = 320CC833B8AF0ACFD35E6224 /* libThree20Style.a */; };
		320D7DCCE32703ACAB9A45E5 /* libThree20.a in Frameworks */ = {isa = PBXBuildFile; fileRef = 320D7DCCE32703ACAB9A45E4 /* libThree20.a */; };
		320F2C48872C2E2C4DF86205 /* libThree20UI.a in Frameworks */ = {isa = PBXBuildFile; fileRef = 320F2C48872C2E2C4DF86204 /* libThree20UI.a */; };
		CDAFAF0313DEBA4400A5CFDE /* OpenPhotoBase64Utilities.m in Sources */ = {isa = PBXBuildFile; fileRef = CDAFAF0213DEBA4400A5CFDE /* OpenPhotoBase64Utilities.m */; };
		CDB0934B13DEB81A007043A5 /* QSFileManager.m in Sources */ = {isa = PBXBuildFile; fileRef = CDB0934513DEB81A007043A5 /* QSFileManager.m */; };
		CDB0934C13DEB81A007043A5 /* QSHttpClient.m in Sources */ = {isa = PBXBuildFile; fileRef = CDB0934713DEB81A007043A5 /* QSHttpClient.m */; };
		CDB0934D13DEB81A007043A5 /* QSStrings.m in Sources */ = {isa = PBXBuildFile; fileRef = CDB0934913DEB81A007043A5 /* QSStrings.m */; };
		CDB0935113DEB829007043A5 /* GTMNSString+HTML.m in Sources */ = {isa = PBXBuildFile; fileRef = CDB0935013DEB829007043A5 /* GTMNSString+HTML.m */; };
		CDD438DA13DDF41000C03A46 /* UIKit.framework in Frameworks */ = {isa = PBXBuildFile; fileRef = CDD438D913DDF41000C03A46 /* UIKit.framework */; };
		CDD438DC13DDF41000C03A46 /* Foundation.framework in Frameworks */ = {isa = PBXBuildFile; fileRef = CDD438DB13DDF41000C03A46 /* Foundation.framework */; };
		CDD438DE13DDF41000C03A46 /* CoreGraphics.framework in Frameworks */ = {isa = PBXBuildFile; fileRef = CDD438DD13DDF41000C03A46 /* CoreGraphics.framework */; };
		CDD438E413DDF41000C03A46 /* InfoPlist.strings in Resources */ = {isa = PBXBuildFile; fileRef = CDD438E213DDF41000C03A46 /* InfoPlist.strings */; };
		CDD438E613DDF41000C03A46 /* main.m in Sources */ = {isa = PBXBuildFile; fileRef = CDD438E513DDF41000C03A46 /* main.m */; };
		CDD438EA13DDF41000C03A46 /* OpenPhotoAppDelegate.m in Sources */ = {isa = PBXBuildFile; fileRef = CDD438E913DDF41000C03A46 /* OpenPhotoAppDelegate.m */; };
		CDD438ED13DDF41000C03A46 /* MainWindow.xib in Resources */ = {isa = PBXBuildFile; fileRef = CDD438EB13DDF41000C03A46 /* MainWindow.xib */; };
		CDD438F013DDF41000C03A46 /* OpenPhotoViewController.m in Sources */ = {isa = PBXBuildFile; fileRef = CDD438EF13DDF41000C03A46 /* OpenPhotoViewController.m */; };
		CDD438F313DDF41000C03A46 /* OpenPhotoViewController.xib in Resources */ = {isa = PBXBuildFile; fileRef = CDD438F113DDF41000C03A46 /* OpenPhotoViewController.xib */; };
		CDD5DC9313DDF58D001BF963 /* Active1.png in Resources */ = {isa = PBXBuildFile; fileRef = CDD5DC8413DDF58D001BF963 /* Active1.png */; };
		CDD5DC9413DDF58D001BF963 /* Active2.png in Resources */ = {isa = PBXBuildFile; fileRef = CDD5DC8513DDF58D001BF963 /* Active2.png */; };
		CDD5DC9513DDF58D001BF963 /* Active3.png in Resources */ = {isa = PBXBuildFile; fileRef = CDD5DC8613DDF58D001BF963 /* Active3.png */; };
		CDD5DC9613DDF58D001BF963 /* Active4.png in Resources */ = {isa = PBXBuildFile; fileRef = CDD5DC8713DDF58D001BF963 /* Active4.png */; };
		CDD5DC9713DDF58D001BF963 /* Active5.png in Resources */ = {isa = PBXBuildFile; fileRef = CDD5DC8813DDF58D001BF963 /* Active5.png */; };
		CDD5DC9813DDF58D001BF963 /* appbar_blank.png in Resources */ = {isa = PBXBuildFile; fileRef = CDD5DC8913DDF58D001BF963 /* appbar_blank.png */; };
		CDD5DC9913DDF58D001BF963 /* appbar_logo.png in Resources */ = {isa = PBXBuildFile; fileRef = CDD5DC8A13DDF58D001BF963 /* appbar_logo.png */; };
		CDD5DC9A13DDF58D001BF963 /* Default.png in Resources */ = {isa = PBXBuildFile; fileRef = CDD5DC8B13DDF58D001BF963 /* Default.png */; };
		CDD5DC9B13DDF58D001BF963 /* Icon-72.png in Resources */ = {isa = PBXBuildFile; fileRef = CDD5DC8C13DDF58D001BF963 /* Icon-72.png */; };
		CDD5DC9C13DDF58D001BF963 /* Icon-Small-50.png in Resources */ = {isa = PBXBuildFile; fileRef = CDD5DC8D13DDF58D001BF963 /* Icon-Small-50.png */; };
		CDD5DC9D13DDF58D001BF963 /* Icon-Small.png in Resources */ = {isa = PBXBuildFile; fileRef = CDD5DC8E13DDF58D001BF963 /* Icon-Small.png */; };
		CDD5DC9E13DDF58D001BF963 /* Icon-Small@2x.png in Resources */ = {isa = PBXBuildFile; fileRef = CDD5DC8F13DDF58D001BF963 /* Icon-Small@2x.png */; };
		CDD5DC9F13DDF58D001BF963 /* Icon.png in Resources */ = {isa = PBXBuildFile; fileRef = CDD5DC9013DDF58D001BF963 /* Icon.png */; };
		CDD5DCA013DDF58D001BF963 /* Icon@2x.png in Resources */ = {isa = PBXBuildFile; fileRef = CDD5DC9113DDF58D001BF963 /* Icon@2x.png */; };
		CDD5DCA113DDF58D001BF963 /* logo.png in Resources */ = {isa = PBXBuildFile; fileRef = CDD5DC9213DDF58D001BF963 /* logo.png */; };
/* End PBXBuildFile section */

/* Begin PBXContainerItemProxy section */
		3201088596B4756681693702 /* PBXContainerItemProxy */ = {
			isa = PBXContainerItemProxy;
			containerPortal = 3201088596B4756681693700 /* Three20UICommon.xcodeproj */;
			proxyType = 1;
			remoteGlobalIDString = BEF31F390F352DF5000DE5D2;
			remoteInfo = Three20UICommon;
		};
		3201088596B4756681693706 /* PBXContainerItemProxy */ = {
			isa = PBXContainerItemProxy;
			containerPortal = 3201088596B4756681693700 /* Three20UICommon.xcodeproj */;
			proxyType = 2;
			remoteGlobalIDString = BEF31F3A0F352DF5000DE5D2;
			remoteInfo = Three20UICommon;
		};
		320A2827FEC940B25BC42C62 /* PBXContainerItemProxy */ = {
			isa = PBXContainerItemProxy;
			containerPortal = 320A2827FEC940B25BC42C60 /* Three20Core.xcodeproj */;
			proxyType = 1;
			remoteGlobalIDString = BEF31F390F352DF5000DE5D2;
			remoteInfo = Three20Core;
		};
		320A2827FEC940B25BC42C66 /* PBXContainerItemProxy */ = {
			isa = PBXContainerItemProxy;
			containerPortal = 320A2827FEC940B25BC42C60 /* Three20Core.xcodeproj */;
			proxyType = 2;
			remoteGlobalIDString = BEF31F3A0F352DF5000DE5D2;
			remoteInfo = Three20Core;
		};
		320A5A189C235877202780D2 /* PBXContainerItemProxy */ = {
			isa = PBXContainerItemProxy;
			containerPortal = 320A5A189C235877202780D0 /* Three20Network.xcodeproj */;
			proxyType = 1;
			remoteGlobalIDString = BEF31F390F352DF5000DE5D2;
			remoteInfo = Three20Network;
		};
		320A5A189C235877202780D6 /* PBXContainerItemProxy */ = {
			isa = PBXContainerItemProxy;
			containerPortal = 320A5A189C235877202780D0 /* Three20Network.xcodeproj */;
			proxyType = 2;
			remoteGlobalIDString = BEF31F3A0F352DF5000DE5D2;
			remoteInfo = Three20Network;
		};
		320A737074758E53BA54BE92 /* PBXContainerItemProxy */ = {
			isa = PBXContainerItemProxy;
			containerPortal = 320A737074758E53BA54BE90 /* Three20UINavigator.xcodeproj */;
			proxyType = 1;
			remoteGlobalIDString = BEF31F390F352DF5000DE5D2;
			remoteInfo = Three20UINavigator;
		};
		320A737074758E53BA54BE96 /* PBXContainerItemProxy */ = {
			isa = PBXContainerItemProxy;
			containerPortal = 320A737074758E53BA54BE90 /* Three20UINavigator.xcodeproj */;
			proxyType = 2;
			remoteGlobalIDString = BEF31F3A0F352DF5000DE5D2;
			remoteInfo = Three20UINavigator;
		};
		320CC833B8AF0ACFD35E6222 /* PBXContainerItemProxy */ = {
			isa = PBXContainerItemProxy;
			containerPortal = 320CC833B8AF0ACFD35E6220 /* Three20Style.xcodeproj */;
			proxyType = 1;
			remoteGlobalIDString = BEF31F390F352DF5000DE5D2;
			remoteInfo = Three20Style;
		};
		320CC833B8AF0ACFD35E6226 /* PBXContainerItemProxy */ = {
			isa = PBXContainerItemProxy;
			containerPortal = 320CC833B8AF0ACFD35E6220 /* Three20Style.xcodeproj */;
			proxyType = 2;
			remoteGlobalIDString = BEF31F3A0F352DF5000DE5D2;
			remoteInfo = Three20Style;
		};
		320D7DCCE32703ACAB9A45E2 /* PBXContainerItemProxy */ = {
			isa = PBXContainerItemProxy;
			containerPortal = 320D7DCCE32703ACAB9A45E0 /* Three20.xcodeproj */;
			proxyType = 1;
			remoteGlobalIDString = BEF31F390F352DF5000DE5D2;
			remoteInfo = Three20;
		};
		320D7DCCE32703ACAB9A45E6 /* PBXContainerItemProxy */ = {
			isa = PBXContainerItemProxy;
			containerPortal = 320D7DCCE32703ACAB9A45E0 /* Three20.xcodeproj */;
			proxyType = 2;
			remoteGlobalIDString = BEF31F3A0F352DF5000DE5D2;
			remoteInfo = Three20;
		};
		320F2C48872C2E2C4DF86202 /* PBXContainerItemProxy */ = {
			isa = PBXContainerItemProxy;
			containerPortal = 320F2C48872C2E2C4DF86200 /* Three20UI.xcodeproj */;
			proxyType = 1;
			remoteGlobalIDString = BEF31F390F352DF5000DE5D2;
			remoteInfo = Three20UI;
		};
		320F2C48872C2E2C4DF86206 /* PBXContainerItemProxy */ = {
			isa = PBXContainerItemProxy;
			containerPortal = 320F2C48872C2E2C4DF86200 /* Three20UI.xcodeproj */;
			proxyType = 2;
			remoteGlobalIDString = BEF31F3A0F352DF5000DE5D2;
			remoteInfo = Three20UI;
		};
		CD93AC8B13DE0059002FBE33 /* PBXContainerItemProxy */ = {
			isa = PBXContainerItemProxy;
			containerPortal = 320D7DCCE32703ACAB9A45E0 /* Three20.xcodeproj */;
			proxyType = 2;
			remoteGlobalIDString = EB9E6C6210B6A8F800DE563C;
			remoteInfo = Three20UnitTests;
		};
		CD93AC8E13DE0059002FBE33 /* PBXContainerItemProxy */ = {
			isa = PBXContainerItemProxy;
			containerPortal = 320A2827FEC940B25BC42C60 /* Three20Core.xcodeproj */;
			proxyType = 2;
			remoteGlobalIDString = EB9E6C6210B6A8F800DE563C;
			remoteInfo = Three20CoreUnitTests;
		};
		CD93AC9113DE0059002FBE33 /* PBXContainerItemProxy */ = {
			isa = PBXContainerItemProxy;
			containerPortal = 320A5A189C235877202780D0 /* Three20Network.xcodeproj */;
			proxyType = 2;
			remoteGlobalIDString = EB9E6C6210B6A8F800DE563C;
			remoteInfo = Three20NetworkUnitTests;
		};
		CD93AC9413DE0059002FBE33 /* PBXContainerItemProxy */ = {
			isa = PBXContainerItemProxy;
			containerPortal = 320CC833B8AF0ACFD35E6220 /* Three20Style.xcodeproj */;
			proxyType = 2;
			remoteGlobalIDString = EB9E6C6210B6A8F800DE563C;
			remoteInfo = Three20StyleUnitTests;
		};
		CD93AC9713DE0059002FBE33 /* PBXContainerItemProxy */ = {
			isa = PBXContainerItemProxy;
			containerPortal = 320F2C48872C2E2C4DF86200 /* Three20UI.xcodeproj */;
			proxyType = 2;
			remoteGlobalIDString = EB9E6C6210B6A8F800DE563C;
			remoteInfo = Three20UIUnitTests;
		};
		CD93AC9A13DE0059002FBE33 /* PBXContainerItemProxy */ = {
			isa = PBXContainerItemProxy;
			containerPortal = 3201088596B4756681693700 /* Three20UICommon.xcodeproj */;
			proxyType = 2;
			remoteGlobalIDString = EB9E6C6210B6A8F800DE563C;
			remoteInfo = Three20UICommonUnitTests;
		};
		CD93AC9D13DE0059002FBE33 /* PBXContainerItemProxy */ = {
			isa = PBXContainerItemProxy;
			containerPortal = 320A737074758E53BA54BE90 /* Three20UINavigator.xcodeproj */;
			proxyType = 2;
			remoteGlobalIDString = EB9E6C6210B6A8F800DE563C;
			remoteInfo = Three20UINavigatorUnitTests;
		};
/* End PBXContainerItemProxy section */

/* Begin PBXFileReference section */
		3201088596B4756681693700 /* Three20UICommon.xcodeproj */ = {isa = PBXFileReference; lastKnownFileType = "wrapper.pb-project"; name = Three20UICommon.xcodeproj; path = three20/src/Three20UICommon/Three20UICommon.xcodeproj; sourceTree = SOURCE_ROOT; };
		320A2827FEC940B25BC42C60 /* Three20Core.xcodeproj */ = {isa = PBXFileReference; lastKnownFileType = "wrapper.pb-project"; name = Three20Core.xcodeproj; path = three20/src/Three20Core/Three20Core.xcodeproj; sourceTree = SOURCE_ROOT; };
		320A5A189C235877202780D0 /* Three20Network.xcodeproj */ = {isa = PBXFileReference; lastKnownFileType = "wrapper.pb-project"; name = Three20Network.xcodeproj; path = three20/src/Three20Network/Three20Network.xcodeproj; sourceTree = SOURCE_ROOT; };
		320A737074758E53BA54BE90 /* Three20UINavigator.xcodeproj */ = {isa = PBXFileReference; lastKnownFileType = "wrapper.pb-project"; name = Three20UINavigator.xcodeproj; path = three20/src/Three20UINavigator/Three20UINavigator.xcodeproj; sourceTree = SOURCE_ROOT; };
		320AF8492C47A4D819F7C450 /* QuartzCore.framework */ = {isa = PBXFileReference; lastKnownFileType = wrapper.frameworks; name = QuartzCore.framework; path = System/Library/Frameworks/QuartzCore.framework; sourceTree = SDKROOT; };
		320B6C86F11D9990244A9730 /* Three20.bundle */ = {isa = PBXFileReference; lastKnownFileType = "wrapper.plug-in"; name = Three20.bundle; path = three20/src/Three20.bundle; sourceTree = SOURCE_ROOT; };
		320CC833B8AF0ACFD35E6220 /* Three20Style.xcodeproj */ = {isa = PBXFileReference; lastKnownFileType = "wrapper.pb-project"; name = Three20Style.xcodeproj; path = three20/src/Three20Style/Three20Style.xcodeproj; sourceTree = SOURCE_ROOT; };
		320D7DCCE32703ACAB9A45E0 /* Three20.xcodeproj */ = {isa = PBXFileReference; lastKnownFileType = "wrapper.pb-project"; name = Three20.xcodeproj; path = three20/src/Three20/Three20.xcodeproj; sourceTree = SOURCE_ROOT; };
		320F2C48872C2E2C4DF86200 /* Three20UI.xcodeproj */ = {isa = PBXFileReference; lastKnownFileType = "wrapper.pb-project"; name = Three20UI.xcodeproj; path = three20/src/Three20UI/Three20UI.xcodeproj; sourceTree = SOURCE_ROOT; };
		CDAFAF0113DEBA4400A5CFDE /* OpenPhotoBase64Utilities.h */ = {isa = PBXFileReference; fileEncoding = 4; lastKnownFileType = sourcecode.c.h; path = OpenPhotoBase64Utilities.h; sourceTree = "<group>"; };
		CDAFAF0213DEBA4400A5CFDE /* OpenPhotoBase64Utilities.m */ = {isa = PBXFileReference; fileEncoding = 4; lastKnownFileType = sourcecode.c.objc; path = OpenPhotoBase64Utilities.m; sourceTree = "<group>"; };
		CDB0934413DEB81A007043A5 /* QSFileManager.h */ = {isa = PBXFileReference; fileEncoding = 4; lastKnownFileType = sourcecode.c.h; name = QSFileManager.h; path = QSUtilities/QSFileManager.h; sourceTree = "<group>"; };
		CDB0934513DEB81A007043A5 /* QSFileManager.m */ = {isa = PBXFileReference; fileEncoding = 4; lastKnownFileType = sourcecode.c.objc; name = QSFileManager.m; path = QSUtilities/QSFileManager.m; sourceTree = "<group>"; };
		CDB0934613DEB81A007043A5 /* QSHttpClient.h */ = {isa = PBXFileReference; fileEncoding = 4; lastKnownFileType = sourcecode.c.h; name = QSHttpClient.h; path = QSUtilities/QSHttpClient.h; sourceTree = "<group>"; };
		CDB0934713DEB81A007043A5 /* QSHttpClient.m */ = {isa = PBXFileReference; fileEncoding = 4; lastKnownFileType = sourcecode.c.objc; name = QSHttpClient.m; path = QSUtilities/QSHttpClient.m; sourceTree = "<group>"; };
		CDB0934813DEB81A007043A5 /* QSStrings.h */ = {isa = PBXFileReference; fileEncoding = 4; lastKnownFileType = sourcecode.c.h; name = QSStrings.h; path = QSUtilities/QSStrings.h; sourceTree = "<group>"; };
		CDB0934913DEB81A007043A5 /* QSStrings.m */ = {isa = PBXFileReference; fileEncoding = 4; lastKnownFileType = sourcecode.c.objc; name = QSStrings.m; path = QSUtilities/QSStrings.m; sourceTree = "<group>"; };
		CDB0934A13DEB81A007043A5 /* QSUtilities.h */ = {isa = PBXFileReference; fileEncoding = 4; lastKnownFileType = sourcecode.c.h; name = QSUtilities.h; path = QSUtilities/QSUtilities.h; sourceTree = "<group>"; };
		CDB0934E13DEB829007043A5 /* GTMDefines.h */ = {isa = PBXFileReference; fileEncoding = 4; lastKnownFileType = sourcecode.c.h; name = GTMDefines.h; path = QSUtilities/GTM/GTMDefines.h; sourceTree = "<group>"; };
		CDB0934F13DEB829007043A5 /* GTMNSString+HTML.h */ = {isa = PBXFileReference; fileEncoding = 4; lastKnownFileType = sourcecode.c.h; name = "GTMNSString+HTML.h"; path = "QSUtilities/GTM/GTMNSString+HTML.h"; sourceTree = "<group>"; };
		CDB0935013DEB829007043A5 /* GTMNSString+HTML.m */ = {isa = PBXFileReference; fileEncoding = 4; lastKnownFileType = sourcecode.c.objc; name = "GTMNSString+HTML.m"; path = "QSUtilities/GTM/GTMNSString+HTML.m"; sourceTree = "<group>"; };
		CDD438D513DDF41000C03A46 /* OpenPhoto.app */ = {isa = PBXFileReference; explicitFileType = wrapper.application; includeInIndex = 0; path = OpenPhoto.app; sourceTree = BUILT_PRODUCTS_DIR; };
		CDD438D913DDF41000C03A46 /* UIKit.framework */ = {isa = PBXFileReference; lastKnownFileType = wrapper.framework; name = UIKit.framework; path = System/Library/Frameworks/UIKit.framework; sourceTree = SDKROOT; };
		CDD438DB13DDF41000C03A46 /* Foundation.framework */ = {isa = PBXFileReference; lastKnownFileType = wrapper.framework; name = Foundation.framework; path = System/Library/Frameworks/Foundation.framework; sourceTree = SDKROOT; };
		CDD438DD13DDF41000C03A46 /* CoreGraphics.framework */ = {isa = PBXFileReference; lastKnownFileType = wrapper.framework; name = CoreGraphics.framework; path = System/Library/Frameworks/CoreGraphics.framework; sourceTree = SDKROOT; };
		CDD438E113DDF41000C03A46 /* OpenPhoto-Info.plist */ = {isa = PBXFileReference; lastKnownFileType = text.plist.xml; path = "OpenPhoto-Info.plist"; sourceTree = "<group>"; };
		CDD438E313DDF41000C03A46 /* en */ = {isa = PBXFileReference; lastKnownFileType = text.plist.strings; name = en; path = en.lproj/InfoPlist.strings; sourceTree = "<group>"; };
		CDD438E513DDF41000C03A46 /* main.m */ = {isa = PBXFileReference; lastKnownFileType = sourcecode.c.objc; path = main.m; sourceTree = "<group>"; };
		CDD438E713DDF41000C03A46 /* OpenPhoto-Prefix.pch */ = {isa = PBXFileReference; lastKnownFileType = sourcecode.c.h; path = "OpenPhoto-Prefix.pch"; sourceTree = "<group>"; };
		CDD438E813DDF41000C03A46 /* OpenPhotoAppDelegate.h */ = {isa = PBXFileReference; lastKnownFileType = sourcecode.c.h; path = OpenPhotoAppDelegate.h; sourceTree = "<group>"; };
		CDD438E913DDF41000C03A46 /* OpenPhotoAppDelegate.m */ = {isa = PBXFileReference; lastKnownFileType = sourcecode.c.objc; path = OpenPhotoAppDelegate.m; sourceTree = "<group>"; };
		CDD438EC13DDF41000C03A46 /* en */ = {isa = PBXFileReference; lastKnownFileType = file.xib; name = en; path = en.lproj/MainWindow.xib; sourceTree = "<group>"; };
		CDD438EE13DDF41000C03A46 /* OpenPhotoViewController.h */ = {isa = PBXFileReference; lastKnownFileType = sourcecode.c.h; path = OpenPhotoViewController.h; sourceTree = "<group>"; };
		CDD438EF13DDF41000C03A46 /* OpenPhotoViewController.m */ = {isa = PBXFileReference; lastKnownFileType = sourcecode.c.objc; path = OpenPhotoViewController.m; sourceTree = "<group>"; };
		CDD438F213DDF41000C03A46 /* en */ = {isa = PBXFileReference; lastKnownFileType = file.xib; name = en; path = en.lproj/OpenPhotoViewController.xib; sourceTree = "<group>"; };
		CDD5DC8413DDF58D001BF963 /* Active1.png */ = {isa = PBXFileReference; lastKnownFileType = image.png; name = Active1.png; path = images/Active1.png; sourceTree = "<group>"; };
		CDD5DC8513DDF58D001BF963 /* Active2.png */ = {isa = PBXFileReference; lastKnownFileType = image.png; name = Active2.png; path = images/Active2.png; sourceTree = "<group>"; };
		CDD5DC8613DDF58D001BF963 /* Active3.png */ = {isa = PBXFileReference; lastKnownFileType = image.png; name = Active3.png; path = images/Active3.png; sourceTree = "<group>"; };
		CDD5DC8713DDF58D001BF963 /* Active4.png */ = {isa = PBXFileReference; lastKnownFileType = image.png; name = Active4.png; path = images/Active4.png; sourceTree = "<group>"; };
		CDD5DC8813DDF58D001BF963 /* Active5.png */ = {isa = PBXFileReference; lastKnownFileType = image.png; name = Active5.png; path = images/Active5.png; sourceTree = "<group>"; };
		CDD5DC8913DDF58D001BF963 /* appbar_blank.png */ = {isa = PBXFileReference; lastKnownFileType = image.png; name = appbar_blank.png; path = images/appbar_blank.png; sourceTree = "<group>"; };
		CDD5DC8A13DDF58D001BF963 /* appbar_logo.png */ = {isa = PBXFileReference; lastKnownFileType = image.png; name = appbar_logo.png; path = images/appbar_logo.png; sourceTree = "<group>"; };
		CDD5DC8B13DDF58D001BF963 /* Default.png */ = {isa = PBXFileReference; lastKnownFileType = image.png; name = Default.png; path = images/Default.png; sourceTree = "<group>"; };
		CDD5DC8C13DDF58D001BF963 /* Icon-72.png */ = {isa = PBXFileReference; lastKnownFileType = image.png; name = "Icon-72.png"; path = "images/Icon-72.png"; sourceTree = "<group>"; };
		CDD5DC8D13DDF58D001BF963 /* Icon-Small-50.png */ = {isa = PBXFileReference; lastKnownFileType = image.png; name = "Icon-Small-50.png"; path = "images/Icon-Small-50.png"; sourceTree = "<group>"; };
		CDD5DC8E13DDF58D001BF963 /* Icon-Small.png */ = {isa = PBXFileReference; lastKnownFileType = image.png; name = "Icon-Small.png"; path = "images/Icon-Small.png"; sourceTree = "<group>"; };
		CDD5DC8F13DDF58D001BF963 /* Icon-Small@2x.png */ = {isa = PBXFileReference; lastKnownFileType = image.png; name = "Icon-Small@2x.png"; path = "images/Icon-Small@2x.png"; sourceTree = "<group>"; };
		CDD5DC9013DDF58D001BF963 /* Icon.png */ = {isa = PBXFileReference; lastKnownFileType = image.png; name = Icon.png; path = images/Icon.png; sourceTree = "<group>"; };
		CDD5DC9113DDF58D001BF963 /* Icon@2x.png */ = {isa = PBXFileReference; lastKnownFileType = image.png; name = "Icon@2x.png"; path = "images/Icon@2x.png"; sourceTree = "<group>"; };
		CDD5DC9213DDF58D001BF963 /* logo.png */ = {isa = PBXFileReference; lastKnownFileType = image.png; name = logo.png; path = images/logo.png; sourceTree = "<group>"; };
/* End PBXFileReference section */

/* Begin PBXFrameworksBuildPhase section */
		CDD438D213DDF41000C03A46 /* Frameworks */ = {
			isa = PBXFrameworksBuildPhase;
			buildActionMask = 2147483647;
			files = (
				3201088596B4756681693705 /* libThree20UICommon.a in Frameworks */,
				320D7DCCE32703ACAB9A45E5 /* libThree20.a in Frameworks */,
				320A737074758E53BA54BE95 /* libThree20UINavigator.a in Frameworks */,
				320A2827FEC940B25BC42C65 /* libThree20Core.a in Frameworks */,
				320F2C48872C2E2C4DF86205 /* libThree20UI.a in Frameworks */,
				320AF8492C47A4D819F7C451 /* QuartzCore.framework in Frameworks */,
				320A5A189C235877202780D5 /* libThree20Network.a in Frameworks */,
				320CC833B8AF0ACFD35E6225 /* libThree20Style.a in Frameworks */,
				CDD438DA13DDF41000C03A46 /* UIKit.framework in Frameworks */,
				CDD438DC13DDF41000C03A46 /* Foundation.framework in Frameworks */,
				CDD438DE13DDF41000C03A46 /* CoreGraphics.framework in Frameworks */,
			);
			runOnlyForDeploymentPostprocessing = 0;
		};
/* End PBXFrameworksBuildPhase section */

/* Begin PBXGroup section */
		3201088596B4756681693703 /* Products */ = {
			isa = PBXGroup;
			children = (
				3201088596B4756681693704 /* libThree20UICommon.a */,
				CD93AC9B13DE0059002FBE33 /* UICommonUnitTests.octest */,
			);
			name = Products;
			sourceTree = "<group>";
		};
		320A2827FEC940B25BC42C63 /* Products */ = {
			isa = PBXGroup;
			children = (
				320A2827FEC940B25BC42C64 /* libThree20Core.a */,
				CD93AC8F13DE0059002FBE33 /* CoreUnitTests.octest */,
			);
			name = Products;
			sourceTree = "<group>";
		};
		320A5A189C235877202780D3 /* Products */ = {
			isa = PBXGroup;
			children = (
				320A5A189C235877202780D4 /* libThree20Network.a */,
				CD93AC9213DE0059002FBE33 /* NetworkUnitTests.octest */,
			);
			name = Products;
			sourceTree = "<group>";
		};
		320A737074758E53BA54BE93 /* Products */ = {
			isa = PBXGroup;
			children = (
				320A737074758E53BA54BE94 /* libThree20UINavigator.a */,
				CD93AC9E13DE0059002FBE33 /* UINavigatorUnitTests.octest */,
			);
			name = Products;
			sourceTree = "<group>";
		};
		320CC833B8AF0ACFD35E6223 /* Products */ = {
			isa = PBXGroup;
			children = (
				320CC833B8AF0ACFD35E6224 /* libThree20Style.a */,
				CD93AC9513DE0059002FBE33 /* StyleUnitTests.octest */,
			);
			name = Products;
			sourceTree = "<group>";
		};
		320D7DCCE32703ACAB9A45E3 /* Products */ = {
			isa = PBXGroup;
			children = (
				320D7DCCE32703ACAB9A45E4 /* libThree20.a */,
				CD93AC8C13DE0059002FBE33 /* Three20UnitTests.octest */,
			);
			name = Products;
			sourceTree = "<group>";
		};
		320F2C48872C2E2C4DF86203 /* Products */ = {
			isa = PBXGroup;
			children = (
				320F2C48872C2E2C4DF86204 /* libThree20UI.a */,
				CD93AC9813DE0059002FBE33 /* UIUnitTests.octest */,
			);
			name = Products;
			sourceTree = "<group>";
		};
		CDAFAF0013DEBA1100A5CFDE /* Utilities */ = {
			isa = PBXGroup;
			children = (
				CDAFAF0113DEBA4400A5CFDE /* OpenPhotoBase64Utilities.h */,
				CDAFAF0213DEBA4400A5CFDE /* OpenPhotoBase64Utilities.m */,
			);
			name = Utilities;
			sourceTree = "<group>";
		};
		CDB0933413DEB5E2007043A5 /* Three20 */ = {
			isa = PBXGroup;
			children = (
				320A5A189C235877202780D0 /* Three20Network.xcodeproj */,
				320CC833B8AF0ACFD35E6220 /* Three20Style.xcodeproj */,
				320F2C48872C2E2C4DF86200 /* Three20UI.xcodeproj */,
				320A2827FEC940B25BC42C60 /* Three20Core.xcodeproj */,
				320A737074758E53BA54BE90 /* Three20UINavigator.xcodeproj */,
				320D7DCCE32703ACAB9A45E0 /* Three20.xcodeproj */,
				3201088596B4756681693700 /* Three20UICommon.xcodeproj */,
			);
			name = Three20;
			sourceTree = "<group>";
		};
		CDB0933513DEB6A1007043A5 /* QSUtilities */ = {
			isa = PBXGroup;
			children = (
				CDB0934E13DEB829007043A5 /* GTMDefines.h */,
				CDB0934F13DEB829007043A5 /* GTMNSString+HTML.h */,
				CDB0935013DEB829007043A5 /* GTMNSString+HTML.m */,
				CDB0934413DEB81A007043A5 /* QSFileManager.h */,
				CDB0934513DEB81A007043A5 /* QSFileManager.m */,
				CDB0934613DEB81A007043A5 /* QSHttpClient.h */,
				CDB0934713DEB81A007043A5 /* QSHttpClient.m */,
				CDB0934813DEB81A007043A5 /* QSStrings.h */,
				CDB0934913DEB81A007043A5 /* QSStrings.m */,
				CDB0934A13DEB81A007043A5 /* QSUtilities.h */,
			);
			name = QSUtilities;
			sourceTree = "<group>";
		};
		CDD438CA13DDF41000C03A46 = {
			isa = PBXGroup;
			children = (
				CDD438DF13DDF41000C03A46 /* OpenPhoto */,
				CDD438D813DDF41000C03A46 /* Frameworks */,
				CDD438D613DDF41000C03A46 /* Products */,
			);
			sourceTree = "<group>";
		};
		CDD438D613DDF41000C03A46 /* Products */ = {
			isa = PBXGroup;
			children = (
				CDD438D513DDF41000C03A46 /* OpenPhoto.app */,
			);
			name = Products;
			sourceTree = "<group>";
		};
		CDD438D813DDF41000C03A46 /* Frameworks */ = {
			isa = PBXGroup;
			children = (
				CDB0933513DEB6A1007043A5 /* QSUtilities */,
				CDB0933413DEB5E2007043A5 /* Three20 */,
				320AF8492C47A4D819F7C450 /* QuartzCore.framework */,
				CDD438D913DDF41000C03A46 /* UIKit.framework */,
				CDD438DB13DDF41000C03A46 /* Foundation.framework */,
				CDD438DD13DDF41000C03A46 /* CoreGraphics.framework */,
			);
			name = Frameworks;
			sourceTree = "<group>";
		};
		CDD438DF13DDF41000C03A46 /* OpenPhoto */ = {
			isa = PBXGroup;
			children = (
				CDAFAF0013DEBA1100A5CFDE /* Utilities */,
				CDD438E813DDF41000C03A46 /* OpenPhotoAppDelegate.h */,
				CDD438E913DDF41000C03A46 /* OpenPhotoAppDelegate.m */,
				CDD438EB13DDF41000C03A46 /* MainWindow.xib */,
				CDD438EE13DDF41000C03A46 /* OpenPhotoViewController.h */,
				CDD438EF13DDF41000C03A46 /* OpenPhotoViewController.m */,
				CDD438F113DDF41000C03A46 /* OpenPhotoViewController.xib */,
				CDD438E013DDF41000C03A46 /* Supporting Files */,
			);
			path = OpenPhoto;
			sourceTree = "<group>";
		};
		CDD438E013DDF41000C03A46 /* Supporting Files */ = {
			isa = PBXGroup;
			children = (
				320B6C86F11D9990244A9730 /* Three20.bundle */,
				CDD5DC8213DDF577001BF963 /* images */,
				CDD438E113DDF41000C03A46 /* OpenPhoto-Info.plist */,
				CDD438E213DDF41000C03A46 /* InfoPlist.strings */,
				CDD438E513DDF41000C03A46 /* main.m */,
				CDD438E713DDF41000C03A46 /* OpenPhoto-Prefix.pch */,
			);
			name = "Supporting Files";
			sourceTree = "<group>";
		};
		CDD5DC8213DDF577001BF963 /* images */ = {
			isa = PBXGroup;
			children = (
				CDD5DC8413DDF58D001BF963 /* Active1.png */,
				CDD5DC8513DDF58D001BF963 /* Active2.png */,
				CDD5DC8613DDF58D001BF963 /* Active3.png */,
				CDD5DC8713DDF58D001BF963 /* Active4.png */,
				CDD5DC8813DDF58D001BF963 /* Active5.png */,
				CDD5DC8913DDF58D001BF963 /* appbar_blank.png */,
				CDD5DC8A13DDF58D001BF963 /* appbar_logo.png */,
				CDD5DC8B13DDF58D001BF963 /* Default.png */,
				CDD5DC8C13DDF58D001BF963 /* Icon-72.png */,
				CDD5DC8D13DDF58D001BF963 /* Icon-Small-50.png */,
				CDD5DC8E13DDF58D001BF963 /* Icon-Small.png */,
				CDD5DC8F13DDF58D001BF963 /* Icon-Small@2x.png */,
				CDD5DC9013DDF58D001BF963 /* Icon.png */,
				CDD5DC9113DDF58D001BF963 /* Icon@2x.png */,
				CDD5DC9213DDF58D001BF963 /* logo.png */,
			);
			name = images;
			sourceTree = "<group>";
		};
/* End PBXGroup section */

/* Begin PBXNativeTarget section */
		CDD438D413DDF41000C03A46 /* OpenPhoto */ = {
			isa = PBXNativeTarget;
			buildConfigurationList = CDD438F613DDF41000C03A46 /* Build configuration list for PBXNativeTarget "OpenPhoto" */;
			buildPhases = (
				CDD438D113DDF41000C03A46 /* Sources */,
				CDD438D213DDF41000C03A46 /* Frameworks */,
				CDD438D313DDF41000C03A46 /* Resources */,
			);
			buildRules = (
			);
			dependencies = (
				3201088596B4756681693701 /* PBXTargetDependency */,
				320D7DCCE32703ACAB9A45E1 /* PBXTargetDependency */,
				320A737074758E53BA54BE91 /* PBXTargetDependency */,
				320A2827FEC940B25BC42C61 /* PBXTargetDependency */,
				320F2C48872C2E2C4DF86201 /* PBXTargetDependency */,
				320A5A189C235877202780D1 /* PBXTargetDependency */,
				320CC833B8AF0ACFD35E6221 /* PBXTargetDependency */,
			);
			name = OpenPhoto;
			productName = OpenPhoto;
			productReference = CDD438D513DDF41000C03A46 /* OpenPhoto.app */;
			productType = "com.apple.product-type.application";
		};
/* End PBXNativeTarget section */

/* Begin PBXProject section */
		CDD438CC13DDF41000C03A46 /* Project object */ = {
			isa = PBXProject;
			attributes = {
				ORGANIZATIONNAME = "Moogu bvba";
			};
			buildConfigurationList = CDD438CF13DDF41000C03A46 /* Build configuration list for PBXProject "OpenPhoto" */;
			compatibilityVersion = "Xcode 3.2";
			developmentRegion = English;
			hasScannedForEncodings = 0;
			knownRegions = (
				en,
			);
			mainGroup = CDD438CA13DDF41000C03A46;
			productRefGroup = CDD438D613DDF41000C03A46 /* Products */;
			projectDirPath = "";
			projectReferences = (
				{
					ProductGroup = 320D7DCCE32703ACAB9A45E3 /* Products */;
					ProjectRef = 320D7DCCE32703ACAB9A45E0 /* Three20.xcodeproj */;
				},
				{
					ProductGroup = 320A2827FEC940B25BC42C63 /* Products */;
					ProjectRef = 320A2827FEC940B25BC42C60 /* Three20Core.xcodeproj */;
				},
				{
					ProductGroup = 320A5A189C235877202780D3 /* Products */;
					ProjectRef = 320A5A189C235877202780D0 /* Three20Network.xcodeproj */;
				},
				{
					ProductGroup = 320CC833B8AF0ACFD35E6223 /* Products */;
					ProjectRef = 320CC833B8AF0ACFD35E6220 /* Three20Style.xcodeproj */;
				},
				{
					ProductGroup = 320F2C48872C2E2C4DF86203 /* Products */;
					ProjectRef = 320F2C48872C2E2C4DF86200 /* Three20UI.xcodeproj */;
				},
				{
					ProductGroup = 3201088596B4756681693703 /* Products */;
					ProjectRef = 3201088596B4756681693700 /* Three20UICommon.xcodeproj */;
				},
				{
					ProductGroup = 320A737074758E53BA54BE93 /* Products */;
					ProjectRef = 320A737074758E53BA54BE90 /* Three20UINavigator.xcodeproj */;
				},
			);
			projectRoot = "";
			targets = (
				CDD438D413DDF41000C03A46 /* OpenPhoto */,
			);
		};
/* End PBXProject section */

/* Begin PBXReferenceProxy section */
		3201088596B4756681693704 /* libThree20UICommon.a */ = {
			isa = PBXReferenceProxy;
			fileType = archive.ar;
			path = libThree20UICommon.a;
			remoteRef = 3201088596B4756681693706 /* PBXContainerItemProxy */;
			sourceTree = BUILT_PRODUCTS_DIR;
		};
		320A2827FEC940B25BC42C64 /* libThree20Core.a */ = {
			isa = PBXReferenceProxy;
			fileType = archive.ar;
			path = libThree20Core.a;
			remoteRef = 320A2827FEC940B25BC42C66 /* PBXContainerItemProxy */;
			sourceTree = BUILT_PRODUCTS_DIR;
		};
		320A5A189C235877202780D4 /* libThree20Network.a */ = {
			isa = PBXReferenceProxy;
			fileType = archive.ar;
			path = libThree20Network.a;
			remoteRef = 320A5A189C235877202780D6 /* PBXContainerItemProxy */;
			sourceTree = BUILT_PRODUCTS_DIR;
		};
		320A737074758E53BA54BE94 /* libThree20UINavigator.a */ = {
			isa = PBXReferenceProxy;
			fileType = archive.ar;
			path = libThree20UINavigator.a;
			remoteRef = 320A737074758E53BA54BE96 /* PBXContainerItemProxy */;
			sourceTree = BUILT_PRODUCTS_DIR;
		};
		320CC833B8AF0ACFD35E6224 /* libThree20Style.a */ = {
			isa = PBXReferenceProxy;
			fileType = archive.ar;
			path = libThree20Style.a;
			remoteRef = 320CC833B8AF0ACFD35E6226 /* PBXContainerItemProxy */;
			sourceTree = BUILT_PRODUCTS_DIR;
		};
		320D7DCCE32703ACAB9A45E4 /* libThree20.a */ = {
			isa = PBXReferenceProxy;
			fileType = archive.ar;
			path = libThree20.a;
			remoteRef = 320D7DCCE32703ACAB9A45E6 /* PBXContainerItemProxy */;
			sourceTree = BUILT_PRODUCTS_DIR;
		};
		320F2C48872C2E2C4DF86204 /* libThree20UI.a */ = {
			isa = PBXReferenceProxy;
			fileType = archive.ar;
			path = libThree20UI.a;
			remoteRef = 320F2C48872C2E2C4DF86206 /* PBXContainerItemProxy */;
			sourceTree = BUILT_PRODUCTS_DIR;
		};
		CD93AC8C13DE0059002FBE33 /* Three20UnitTests.octest */ = {
			isa = PBXReferenceProxy;
			fileType = wrapper.cfbundle;
			path = Three20UnitTests.octest;
			remoteRef = CD93AC8B13DE0059002FBE33 /* PBXContainerItemProxy */;
			sourceTree = BUILT_PRODUCTS_DIR;
		};
		CD93AC8F13DE0059002FBE33 /* CoreUnitTests.octest */ = {
			isa = PBXReferenceProxy;
			fileType = wrapper.cfbundle;
			path = CoreUnitTests.octest;
			remoteRef = CD93AC8E13DE0059002FBE33 /* PBXContainerItemProxy */;
			sourceTree = BUILT_PRODUCTS_DIR;
		};
		CD93AC9213DE0059002FBE33 /* NetworkUnitTests.octest */ = {
			isa = PBXReferenceProxy;
			fileType = wrapper.cfbundle;
			path = NetworkUnitTests.octest;
			remoteRef = CD93AC9113DE0059002FBE33 /* PBXContainerItemProxy */;
			sourceTree = BUILT_PRODUCTS_DIR;
		};
		CD93AC9513DE0059002FBE33 /* StyleUnitTests.octest */ = {
			isa = PBXReferenceProxy;
			fileType = wrapper.cfbundle;
			path = StyleUnitTests.octest;
			remoteRef = CD93AC9413DE0059002FBE33 /* PBXContainerItemProxy */;
			sourceTree = BUILT_PRODUCTS_DIR;
		};
		CD93AC9813DE0059002FBE33 /* UIUnitTests.octest */ = {
			isa = PBXReferenceProxy;
			fileType = wrapper.cfbundle;
			path = UIUnitTests.octest;
			remoteRef = CD93AC9713DE0059002FBE33 /* PBXContainerItemProxy */;
			sourceTree = BUILT_PRODUCTS_DIR;
		};
		CD93AC9B13DE0059002FBE33 /* UICommonUnitTests.octest */ = {
			isa = PBXReferenceProxy;
			fileType = wrapper.cfbundle;
			path = UICommonUnitTests.octest;
			remoteRef = CD93AC9A13DE0059002FBE33 /* PBXContainerItemProxy */;
			sourceTree = BUILT_PRODUCTS_DIR;
		};
		CD93AC9E13DE0059002FBE33 /* UINavigatorUnitTests.octest */ = {
			isa = PBXReferenceProxy;
			fileType = wrapper.cfbundle;
			path = UINavigatorUnitTests.octest;
			remoteRef = CD93AC9D13DE0059002FBE33 /* PBXContainerItemProxy */;
			sourceTree = BUILT_PRODUCTS_DIR;
		};
/* End PBXReferenceProxy section */

/* Begin PBXResourcesBuildPhase section */
		CDD438D313DDF41000C03A46 /* Resources */ = {
			isa = PBXResourcesBuildPhase;
			buildActionMask = 2147483647;
			files = (
				320B6C86F11D9990244A9731 /* Three20.bundle in Resources */,
				CDD438E413DDF41000C03A46 /* InfoPlist.strings in Resources */,
				CDD438ED13DDF41000C03A46 /* MainWindow.xib in Resources */,
				CDD438F313DDF41000C03A46 /* OpenPhotoViewController.xib in Resources */,
				CDD5DC9313DDF58D001BF963 /* Active1.png in Resources */,
				CDD5DC9413DDF58D001BF963 /* Active2.png in Resources */,
				CDD5DC9513DDF58D001BF963 /* Active3.png in Resources */,
				CDD5DC9613DDF58D001BF963 /* Active4.png in Resources */,
				CDD5DC9713DDF58D001BF963 /* Active5.png in Resources */,
				CDD5DC9813DDF58D001BF963 /* appbar_blank.png in Resources */,
				CDD5DC9913DDF58D001BF963 /* appbar_logo.png in Resources */,
				CDD5DC9A13DDF58D001BF963 /* Default.png in Resources */,
				CDD5DC9B13DDF58D001BF963 /* Icon-72.png in Resources */,
				CDD5DC9C13DDF58D001BF963 /* Icon-Small-50.png in Resources */,
				CDD5DC9D13DDF58D001BF963 /* Icon-Small.png in Resources */,
				CDD5DC9E13DDF58D001BF963 /* Icon-Small@2x.png in Resources */,
				CDD5DC9F13DDF58D001BF963 /* Icon.png in Resources */,
				CDD5DCA013DDF58D001BF963 /* Icon@2x.png in Resources */,
				CDD5DCA113DDF58D001BF963 /* logo.png in Resources */,
			);
			runOnlyForDeploymentPostprocessing = 0;
		};
/* End PBXResourcesBuildPhase section */

/* Begin PBXSourcesBuildPhase section */
		CDD438D113DDF41000C03A46 /* Sources */ = {
			isa = PBXSourcesBuildPhase;
			buildActionMask = 2147483647;
			files = (
				CDD438E613DDF41000C03A46 /* main.m in Sources */,
				CDD438EA13DDF41000C03A46 /* OpenPhotoAppDelegate.m in Sources */,
				CDD438F013DDF41000C03A46 /* OpenPhotoViewController.m in Sources */,
				CDB0934B13DEB81A007043A5 /* QSFileManager.m in Sources */,
				CDB0934C13DEB81A007043A5 /* QSHttpClient.m in Sources */,
				CDB0934D13DEB81A007043A5 /* QSStrings.m in Sources */,
				CDB0935113DEB829007043A5 /* GTMNSString+HTML.m in Sources */,
				CDAFAF0313DEBA4400A5CFDE /* OpenPhotoBase64Utilities.m in Sources */,
			);
			runOnlyForDeploymentPostprocessing = 0;
		};
/* End PBXSourcesBuildPhase section */

/* Begin PBXTargetDependency section */
		3201088596B4756681693701 /* PBXTargetDependency */ = {
			isa = PBXTargetDependency;
			name = Three20UICommon;
			targetProxy = 3201088596B4756681693702 /* PBXContainerItemProxy */;
		};
		320A2827FEC940B25BC42C61 /* PBXTargetDependency */ = {
			isa = PBXTargetDependency;
			name = Three20Core;
			targetProxy = 320A2827FEC940B25BC42C62 /* PBXContainerItemProxy */;
		};
		320A5A189C235877202780D1 /* PBXTargetDependency */ = {
			isa = PBXTargetDependency;
			name = Three20Network;
			targetProxy = 320A5A189C235877202780D2 /* PBXContainerItemProxy */;
		};
		320A737074758E53BA54BE91 /* PBXTargetDependency */ = {
			isa = PBXTargetDependency;
			name = Three20UINavigator;
			targetProxy = 320A737074758E53BA54BE92 /* PBXContainerItemProxy */;
		};
		320CC833B8AF0ACFD35E6221 /* PBXTargetDependency */ = {
			isa = PBXTargetDependency;
			name = Three20Style;
			targetProxy = 320CC833B8AF0ACFD35E6222 /* PBXContainerItemProxy */;
		};
		320D7DCCE32703ACAB9A45E1 /* PBXTargetDependency */ = {
			isa = PBXTargetDependency;
			name = Three20;
			targetProxy = 320D7DCCE32703ACAB9A45E2 /* PBXContainerItemProxy */;
		};
		320F2C48872C2E2C4DF86201 /* PBXTargetDependency */ = {
			isa = PBXTargetDependency;
			name = Three20UI;
			targetProxy = 320F2C48872C2E2C4DF86202 /* PBXContainerItemProxy */;
		};
/* End PBXTargetDependency section */

/* Begin PBXVariantGroup section */
		CDD438E213DDF41000C03A46 /* InfoPlist.strings */ = {
			isa = PBXVariantGroup;
			children = (
				CDD438E313DDF41000C03A46 /* en */,
			);
			name = InfoPlist.strings;
			sourceTree = "<group>";
		};
		CDD438EB13DDF41000C03A46 /* MainWindow.xib */ = {
			isa = PBXVariantGroup;
			children = (
				CDD438EC13DDF41000C03A46 /* en */,
			);
			name = MainWindow.xib;
			sourceTree = "<group>";
		};
		CDD438F113DDF41000C03A46 /* OpenPhotoViewController.xib */ = {
			isa = PBXVariantGroup;
			children = (
				CDD438F213DDF41000C03A46 /* en */,
			);
			name = OpenPhotoViewController.xib;
			sourceTree = "<group>";
		};
/* End PBXVariantGroup section */

/* Begin XCBuildConfiguration section */
		CDD438F413DDF41000C03A46 /* Debug */ = {
			isa = XCBuildConfiguration;
			buildSettings = {
				ALWAYS_SEARCH_USER_PATHS = NO;
				ARCHS = "$(ARCHS_STANDARD_32_BIT)";
				"CODE_SIGN_IDENTITY[sdk=iphoneos*]" = "iPhone Developer";
				COPY_PHASE_STRIP = NO;
				GCC_C_LANGUAGE_STANDARD = gnu99;
				GCC_DYNAMIC_NO_PIC = NO;
				GCC_OPTIMIZATION_LEVEL = 0;
				GCC_PREPROCESSOR_DEFINITIONS = (
					"DEBUG=1",
					"$(inherited)",
				);
				GCC_SYMBOLS_PRIVATE_EXTERN = NO;
				GCC_VERSION = com.apple.compilers.llvmgcc42;
				GCC_WARN_ABOUT_MISSING_PROTOTYPES = YES;
				GCC_WARN_ABOUT_RETURN_TYPE = YES;
				GCC_WARN_UNUSED_VARIABLE = YES;
				HEADER_SEARCH_PATHS = (
					"$(BUILT_PRODUCTS_DIR)/../three20",
					"$(BUILT_PRODUCTS_DIR)/../../three20",
					three20/Build/Products/three20,
				);
				IPHONEOS_DEPLOYMENT_TARGET = 4.3;
				OTHER_LDFLAGS = "-ObjC";
				SDKROOT = iphoneos;
			};
			name = Debug;
		};
		CDD438F513DDF41000C03A46 /* Release */ = {
			isa = XCBuildConfiguration;
			buildSettings = {
				ALWAYS_SEARCH_USER_PATHS = NO;
				ARCHS = "$(ARCHS_STANDARD_32_BIT)";
				"CODE_SIGN_IDENTITY[sdk=iphoneos*]" = "iPhone Developer";
				COPY_PHASE_STRIP = YES;
				GCC_C_LANGUAGE_STANDARD = gnu99;
				GCC_VERSION = com.apple.compilers.llvmgcc42;
				GCC_WARN_ABOUT_MISSING_PROTOTYPES = YES;
				GCC_WARN_ABOUT_RETURN_TYPE = YES;
				GCC_WARN_UNUSED_VARIABLE = YES;
				HEADER_SEARCH_PATHS = (
					"$(BUILT_PRODUCTS_DIR)/../three20",
					"$(BUILT_PRODUCTS_DIR)/../../three20",
					three20/Build/Products/three20,
				);
				IPHONEOS_DEPLOYMENT_TARGET = 4.3;
				OTHER_CFLAGS = "-DNS_BLOCK_ASSERTIONS=1";
				OTHER_LDFLAGS = "-ObjC";
				SDKROOT = iphoneos;
				VALIDATE_PRODUCT = YES;
			};
			name = Release;
		};
		CDD438F713DDF41000C03A46 /* Debug */ = {
			isa = XCBuildConfiguration;
			buildSettings = {
				GCC_PRECOMPILE_PREFIX_HEADER = YES;
				GCC_PREFIX_HEADER = "OpenPhoto/OpenPhoto-Prefix.pch";
				INFOPLIST_FILE = "OpenPhoto/OpenPhoto-Info.plist";
				PRODUCT_NAME = "$(TARGET_NAME)";
				WRAPPER_EXTENSION = app;
			};
			name = Debug;
		};
		CDD438F813DDF41000C03A46 /* Release */ = {
			isa = XCBuildConfiguration;
			buildSettings = {
				GCC_PRECOMPILE_PREFIX_HEADER = YES;
				GCC_PREFIX_HEADER = "OpenPhoto/OpenPhoto-Prefix.pch";
				INFOPLIST_FILE = "OpenPhoto/OpenPhoto-Info.plist";
				PRODUCT_NAME = "$(TARGET_NAME)";
				WRAPPER_EXTENSION = app;
			};
			name = Release;
		};
/* End XCBuildConfiguration section */

/* Begin XCConfigurationList section */
		CDD438CF13DDF41000C03A46 /* Build configuration list for PBXProject "OpenPhoto" */ = {
			isa = XCConfigurationList;
			buildConfigurations = (
				CDD438F413DDF41000C03A46 /* Debug */,
				CDD438F513DDF41000C03A46 /* Release */,
			);
			defaultConfigurationIsVisible = 0;
			defaultConfigurationName = Release;
		};
		CDD438F613DDF41000C03A46 /* Build configuration list for PBXNativeTarget "OpenPhoto" */ = {
			isa = XCConfigurationList;
			buildConfigurations = (
				CDD438F713DDF41000C03A46 /* Debug */,
				CDD438F813DDF41000C03A46 /* Release */,
			);
			defaultConfigurationIsVisible = 0;
			defaultConfigurationName = Release;
		};
/* End XCConfigurationList section */
	};
	rootObject = CDD438CC13DDF41000C03A46 /* Project object */;
}
