// !$*UTF8*$!
{
	archiveVersion = 1;
	classes = {
	};
	objectVersion = 46;
	objects = {

/* Begin PBXBuildFile section */
		CD4613CE161C78B00028619D /* IIViewDeckController.m in Sources */ = {isa = PBXBuildFile; fileRef = CDEC2563161C3A280062E9B0 /* IIViewDeckController.m */; };
		CD4613D0161C78B00028619D /* WrapController.m in Sources */ = {isa = PBXBuildFile; fileRef = CDEC2565161C3A280062E9B0 /* WrapController.m */; };
		CD4613E0161C7C7C0028619D /* Default-568h@2x.png in Resources */ = {isa = PBXBuildFile; fileRef = CD4613DD161C7C7C0028619D /* Default-568h@2x.png */; };
		CD4613E1161C7C7C0028619D /* Default.png in Resources */ = {isa = PBXBuildFile; fileRef = CD4613DE161C7C7C0028619D /* Default.png */; };
		CD4613E2161C7C7C0028619D /* Default@2x.png in Resources */ = {isa = PBXBuildFile; fileRef = CD4613DF161C7C7C0028619D /* Default@2x.png */; };
		CD4613E5161C7CA20028619D /* Icon.png in Resources */ = {isa = PBXBuildFile; fileRef = CD4613E3161C7CA20028619D /* Icon.png */; };
		CD4613E6161C7CA20028619D /* Icon@2x.png in Resources */ = {isa = PBXBuildFile; fileRef = CD4613E4161C7CA20028619D /* Icon@2x.png */; };
		CD764288161ED9BB00E0B657 /* iRate.bundle in Resources */ = {isa = PBXBuildFile; fileRef = CD764285161ED9BB00E0B657 /* iRate.bundle */; };
		CD764289161ED9BB00E0B657 /* iRate.m in Sources */ = {isa = PBXBuildFile; fileRef = CD764287161ED9BB00E0B657 /* iRate.m */; };
		CD76429F161EDAC000E0B657 /* ASIAuthenticationDialog.m in Sources */ = {isa = PBXBuildFile; fileRef = CD76428C161EDAC000E0B657 /* ASIAuthenticationDialog.m */; settings = {COMPILER_FLAGS = "-fno-objc-arc"; }; };
		CD7642A0161EDAC000E0B657 /* ASIDataCompressor.m in Sources */ = {isa = PBXBuildFile; fileRef = CD76428F161EDAC000E0B657 /* ASIDataCompressor.m */; settings = {COMPILER_FLAGS = "-fno-objc-arc"; }; };
		CD7642A1161EDAC000E0B657 /* ASIDataDecompressor.m in Sources */ = {isa = PBXBuildFile; fileRef = CD764291161EDAC000E0B657 /* ASIDataDecompressor.m */; settings = {COMPILER_FLAGS = "-fno-objc-arc"; }; };
		CD7642A2161EDAC000E0B657 /* ASIDownloadCache.m in Sources */ = {isa = PBXBuildFile; fileRef = CD764293161EDAC000E0B657 /* ASIDownloadCache.m */; settings = {COMPILER_FLAGS = "-fno-objc-arc"; }; };
		CD7642A3161EDAC000E0B657 /* ASIFormDataRequest.m in Sources */ = {isa = PBXBuildFile; fileRef = CD764295161EDAC000E0B657 /* ASIFormDataRequest.m */; settings = {COMPILER_FLAGS = "-fno-objc-arc"; }; };
		CD7642A4161EDAC000E0B657 /* ASIHTTPRequest.m in Sources */ = {isa = PBXBuildFile; fileRef = CD764297161EDAC000E0B657 /* ASIHTTPRequest.m */; settings = {COMPILER_FLAGS = "-fno-objc-arc"; }; };
		CD7642A5161EDAC000E0B657 /* ASIInputStream.m in Sources */ = {isa = PBXBuildFile; fileRef = CD76429B161EDAC000E0B657 /* ASIInputStream.m */; settings = {COMPILER_FLAGS = "-fno-objc-arc"; }; };
		CD7642A6161EDAC000E0B657 /* ASINetworkQueue.m in Sources */ = {isa = PBXBuildFile; fileRef = CD76429D161EDAC000E0B657 /* ASINetworkQueue.m */; settings = {COMPILER_FLAGS = "-fno-objc-arc"; }; };
		CD7642AA161EDAE400E0B657 /* Reachability.m in Sources */ = {isa = PBXBuildFile; fileRef = CD7642A9161EDAE400E0B657 /* Reachability.m */; settings = {COMPILER_FLAGS = "-fno-objc-arc"; }; };
		CD7642AC161EDB7700E0B657 /* CFNetwork.framework in Frameworks */ = {isa = PBXBuildFile; fileRef = CD7642AB161EDB7700E0B657 /* CFNetwork.framework */; };
		CD7642AE161EDB8300E0B657 /* SystemConfiguration.framework in Frameworks */ = {isa = PBXBuildFile; fileRef = CD7642AD161EDB8300E0B657 /* SystemConfiguration.framework */; };
		CD7642B0161EDB8E00E0B657 /* MobileCoreServices.framework in Frameworks */ = {isa = PBXBuildFile; fileRef = CD7642AF161EDB8E00E0B657 /* MobileCoreServices.framework */; };
		CD7642B2161EDB9E00E0B657 /* libz.dylib in Frameworks */ = {isa = PBXBuildFile; fileRef = CD7642B1161EDB9E00E0B657 /* libz.dylib */; };
		CDAFB9D316122262002D6E86 /* UIKit.framework in Frameworks */ = {isa = PBXBuildFile; fileRef = CDAFB9D216122262002D6E86 /* UIKit.framework */; };
		CDAFB9D516122262002D6E86 /* Foundation.framework in Frameworks */ = {isa = PBXBuildFile; fileRef = CDAFB9D416122262002D6E86 /* Foundation.framework */; };
		CDAFB9D716122262002D6E86 /* CoreGraphics.framework in Frameworks */ = {isa = PBXBuildFile; fileRef = CDAFB9D616122262002D6E86 /* CoreGraphics.framework */; };
		CDAFB9D916122262002D6E86 /* CoreData.framework in Frameworks */ = {isa = PBXBuildFile; fileRef = CDAFB9D816122262002D6E86 /* CoreData.framework */; };
		CDAFB9DF16122262002D6E86 /* InfoPlist.strings in Resources */ = {isa = PBXBuildFile; fileRef = CDAFB9DD16122262002D6E86 /* InfoPlist.strings */; };
		CDAFB9E116122262002D6E86 /* main.m in Sources */ = {isa = PBXBuildFile; fileRef = CDAFB9E016122262002D6E86 /* main.m */; };
		CDAFB9E516122263002D6E86 /* AppDelegate.m in Sources */ = {isa = PBXBuildFile; fileRef = CDAFB9E416122263002D6E86 /* AppDelegate.m */; };
		CDAFB9EE16122263002D6E86 /* Photo.xcdatamodeld in Sources */ = {isa = PBXBuildFile; fileRef = CDAFB9EC16122263002D6E86 /* Photo.xcdatamodeld */; };
		CDAFB9F616122263002D6E86 /* SenTestingKit.framework in Frameworks */ = {isa = PBXBuildFile; fileRef = CDAFB9F516122263002D6E86 /* SenTestingKit.framework */; };
		CDAFB9F716122263002D6E86 /* UIKit.framework in Frameworks */ = {isa = PBXBuildFile; fileRef = CDAFB9D216122262002D6E86 /* UIKit.framework */; };
		CDAFB9F816122263002D6E86 /* Foundation.framework in Frameworks */ = {isa = PBXBuildFile; fileRef = CDAFB9D416122262002D6E86 /* Foundation.framework */; };
		CDAFB9F916122263002D6E86 /* CoreData.framework in Frameworks */ = {isa = PBXBuildFile; fileRef = CDAFB9D816122262002D6E86 /* CoreData.framework */; };
		CDAFBA0116122263002D6E86 /* InfoPlist.strings in Resources */ = {isa = PBXBuildFile; fileRef = CDAFB9FF16122263002D6E86 /* InfoPlist.strings */; };
		CDAFBA0416122263002D6E86 /* PhotoTests.m in Sources */ = {isa = PBXBuildFile; fileRef = CDAFBA0316122263002D6E86 /* PhotoTests.m */; };
		CDC3A7E9161DF89D003FDC2E /* MenuViewController.m in Sources */ = {isa = PBXBuildFile; fileRef = CDC3A7E7161DF89D003FDC2E /* MenuViewController.m */; };
		CDC3A7EA161DF89D003FDC2E /* MenuViewController.xib in Resources */ = {isa = PBXBuildFile; fileRef = CDC3A7E8161DF89D003FDC2E /* MenuViewController.xib */; };
		CDC3A7ED161DFAEA003FDC2E /* Localizable.strings in Resources */ = {isa = PBXBuildFile; fileRef = CDC3A7EB161DFAEA003FDC2E /* Localizable.strings */; };
		CDEC2566161C3A280062E9B0 /* IIViewDeckController.m in Sources */ = {isa = PBXBuildFile; fileRef = CDEC2563161C3A280062E9B0 /* IIViewDeckController.m */; };
		CDEC2567161C3A280062E9B0 /* WrapController.m in Sources */ = {isa = PBXBuildFile; fileRef = CDEC2565161C3A280062E9B0 /* WrapController.m */; };
		CDEC257E161C70DD0062E9B0 /* Entitlements.entitlements in Resources */ = {isa = PBXBuildFile; fileRef = CDEC257D161C70DD0062E9B0 /* Entitlements.entitlements */; };
		CDEC2589161C75B80062E9B0 /* ViewController.m in Sources */ = {isa = PBXBuildFile; fileRef = CDEC2581161C75B70062E9B0 /* ViewController.m */; };
		CDEC258A161C75B80062E9B0 /* ViewController.xib in Resources */ = {isa = PBXBuildFile; fileRef = CDEC2582161C75B70062E9B0 /* ViewController.xib */; };
		CDEC258D161C75B80062E9B0 /* RightViewController.m in Sources */ = {isa = PBXBuildFile; fileRef = CDEC2587161C75B80062E9B0 /* RightViewController.m */; };
		CDEC258E161C75B80062E9B0 /* RightViewController.xib in Resources */ = {isa = PBXBuildFile; fileRef = CDEC2588161C75B80062E9B0 /* RightViewController.xib */; };
/* End PBXBuildFile section */

/* Begin PBXContainerItemProxy section */
		CDAFB9FA16122263002D6E86 /* PBXContainerItemProxy */ = {
			isa = PBXContainerItemProxy;
			containerPortal = CDAFB9C516122262002D6E86 /* Project object */;
			proxyType = 1;
			remoteGlobalIDString = CDAFB9CD16122262002D6E86;
			remoteInfo = Photo;
		};
/* End PBXContainerItemProxy section */

/* Begin PBXFileReference section */
		CD4613DD161C7C7C0028619D /* Default-568h@2x.png */ = {isa = PBXFileReference; lastKnownFileType = image.png; name = "Default-568h@2x.png"; path = "images/Default-568h@2x.png"; sourceTree = "<group>"; };
		CD4613DE161C7C7C0028619D /* Default.png */ = {isa = PBXFileReference; lastKnownFileType = image.png; name = Default.png; path = images/Default.png; sourceTree = "<group>"; };
		CD4613DF161C7C7C0028619D /* Default@2x.png */ = {isa = PBXFileReference; lastKnownFileType = image.png; name = "Default@2x.png"; path = "images/Default@2x.png"; sourceTree = "<group>"; };
		CD4613E3161C7CA20028619D /* Icon.png */ = {isa = PBXFileReference; lastKnownFileType = image.png; name = Icon.png; path = images/Icon.png; sourceTree = "<group>"; };
		CD4613E4161C7CA20028619D /* Icon@2x.png */ = {isa = PBXFileReference; lastKnownFileType = image.png; name = "Icon@2x.png"; path = "images/Icon@2x.png"; sourceTree = "<group>"; };
		CD764285161ED9BB00E0B657 /* iRate.bundle */ = {isa = PBXFileReference; lastKnownFileType = "wrapper.plug-in"; name = iRate.bundle; path = Frameworks/iRate/iRate/iRate.bundle; sourceTree = "<group>"; };
		CD764286161ED9BB00E0B657 /* iRate.h */ = {isa = PBXFileReference; fileEncoding = 4; lastKnownFileType = sourcecode.c.h; name = iRate.h; path = Frameworks/iRate/iRate/iRate.h; sourceTree = "<group>"; };
		CD764287161ED9BB00E0B657 /* iRate.m */ = {isa = PBXFileReference; fileEncoding = 4; lastKnownFileType = sourcecode.c.objc; name = iRate.m; path = Frameworks/iRate/iRate/iRate.m; sourceTree = "<group>"; };
		CD76428B161EDAC000E0B657 /* ASIAuthenticationDialog.h */ = {isa = PBXFileReference; fileEncoding = 4; lastKnownFileType = sourcecode.c.h; name = ASIAuthenticationDialog.h; path = Frameworks/ASIHTTPRequest/Classes/ASIAuthenticationDialog.h; sourceTree = "<group>"; };
		CD76428C161EDAC000E0B657 /* ASIAuthenticationDialog.m */ = {isa = PBXFileReference; fileEncoding = 4; lastKnownFileType = sourcecode.c.objc; name = ASIAuthenticationDialog.m; path = Frameworks/ASIHTTPRequest/Classes/ASIAuthenticationDialog.m; sourceTree = "<group>"; };
		CD76428D161EDAC000E0B657 /* ASICacheDelegate.h */ = {isa = PBXFileReference; fileEncoding = 4; lastKnownFileType = sourcecode.c.h; name = ASICacheDelegate.h; path = Frameworks/ASIHTTPRequest/Classes/ASICacheDelegate.h; sourceTree = "<group>"; };
		CD76428E161EDAC000E0B657 /* ASIDataCompressor.h */ = {isa = PBXFileReference; fileEncoding = 4; lastKnownFileType = sourcecode.c.h; name = ASIDataCompressor.h; path = Frameworks/ASIHTTPRequest/Classes/ASIDataCompressor.h; sourceTree = "<group>"; };
		CD76428F161EDAC000E0B657 /* ASIDataCompressor.m */ = {isa = PBXFileReference; fileEncoding = 4; lastKnownFileType = sourcecode.c.objc; name = ASIDataCompressor.m; path = Frameworks/ASIHTTPRequest/Classes/ASIDataCompressor.m; sourceTree = "<group>"; };
		CD764290161EDAC000E0B657 /* ASIDataDecompressor.h */ = {isa = PBXFileReference; fileEncoding = 4; lastKnownFileType = sourcecode.c.h; name = ASIDataDecompressor.h; path = Frameworks/ASIHTTPRequest/Classes/ASIDataDecompressor.h; sourceTree = "<group>"; };
		CD764291161EDAC000E0B657 /* ASIDataDecompressor.m */ = {isa = PBXFileReference; fileEncoding = 4; lastKnownFileType = sourcecode.c.objc; name = ASIDataDecompressor.m; path = Frameworks/ASIHTTPRequest/Classes/ASIDataDecompressor.m; sourceTree = "<group>"; };
		CD764292161EDAC000E0B657 /* ASIDownloadCache.h */ = {isa = PBXFileReference; fileEncoding = 4; lastKnownFileType = sourcecode.c.h; name = ASIDownloadCache.h; path = Frameworks/ASIHTTPRequest/Classes/ASIDownloadCache.h; sourceTree = "<group>"; };
		CD764293161EDAC000E0B657 /* ASIDownloadCache.m */ = {isa = PBXFileReference; fileEncoding = 4; lastKnownFileType = sourcecode.c.objc; name = ASIDownloadCache.m; path = Frameworks/ASIHTTPRequest/Classes/ASIDownloadCache.m; sourceTree = "<group>"; };
		CD764294161EDAC000E0B657 /* ASIFormDataRequest.h */ = {isa = PBXFileReference; fileEncoding = 4; lastKnownFileType = sourcecode.c.h; name = ASIFormDataRequest.h; path = Frameworks/ASIHTTPRequest/Classes/ASIFormDataRequest.h; sourceTree = "<group>"; };
		CD764295161EDAC000E0B657 /* ASIFormDataRequest.m */ = {isa = PBXFileReference; fileEncoding = 4; lastKnownFileType = sourcecode.c.objc; name = ASIFormDataRequest.m; path = Frameworks/ASIHTTPRequest/Classes/ASIFormDataRequest.m; sourceTree = "<group>"; };
		CD764296161EDAC000E0B657 /* ASIHTTPRequest.h */ = {isa = PBXFileReference; fileEncoding = 4; lastKnownFileType = sourcecode.c.h; name = ASIHTTPRequest.h; path = Frameworks/ASIHTTPRequest/Classes/ASIHTTPRequest.h; sourceTree = "<group>"; };
		CD764297161EDAC000E0B657 /* ASIHTTPRequest.m */ = {isa = PBXFileReference; fileEncoding = 4; lastKnownFileType = sourcecode.c.objc; name = ASIHTTPRequest.m; path = Frameworks/ASIHTTPRequest/Classes/ASIHTTPRequest.m; sourceTree = "<group>"; };
		CD764298161EDAC000E0B657 /* ASIHTTPRequestConfig.h */ = {isa = PBXFileReference; fileEncoding = 4; lastKnownFileType = sourcecode.c.h; name = ASIHTTPRequestConfig.h; path = Frameworks/ASIHTTPRequest/Classes/ASIHTTPRequestConfig.h; sourceTree = "<group>"; };
		CD764299161EDAC000E0B657 /* ASIHTTPRequestDelegate.h */ = {isa = PBXFileReference; fileEncoding = 4; lastKnownFileType = sourcecode.c.h; name = ASIHTTPRequestDelegate.h; path = Frameworks/ASIHTTPRequest/Classes/ASIHTTPRequestDelegate.h; sourceTree = "<group>"; };
		CD76429A161EDAC000E0B657 /* ASIInputStream.h */ = {isa = PBXFileReference; fileEncoding = 4; lastKnownFileType = sourcecode.c.h; name = ASIInputStream.h; path = Frameworks/ASIHTTPRequest/Classes/ASIInputStream.h; sourceTree = "<group>"; };
		CD76429B161EDAC000E0B657 /* ASIInputStream.m */ = {isa = PBXFileReference; fileEncoding = 4; lastKnownFileType = sourcecode.c.objc; name = ASIInputStream.m; path = Frameworks/ASIHTTPRequest/Classes/ASIInputStream.m; sourceTree = "<group>"; };
		CD76429C161EDAC000E0B657 /* ASINetworkQueue.h */ = {isa = PBXFileReference; fileEncoding = 4; lastKnownFileType = sourcecode.c.h; name = ASINetworkQueue.h; path = Frameworks/ASIHTTPRequest/Classes/ASINetworkQueue.h; sourceTree = "<group>"; };
		CD76429D161EDAC000E0B657 /* ASINetworkQueue.m */ = {isa = PBXFileReference; fileEncoding = 4; lastKnownFileType = sourcecode.c.objc; name = ASINetworkQueue.m; path = Frameworks/ASIHTTPRequest/Classes/ASINetworkQueue.m; sourceTree = "<group>"; };
		CD76429E161EDAC000E0B657 /* ASIProgressDelegate.h */ = {isa = PBXFileReference; fileEncoding = 4; lastKnownFileType = sourcecode.c.h; name = ASIProgressDelegate.h; path = Frameworks/ASIHTTPRequest/Classes/ASIProgressDelegate.h; sourceTree = "<group>"; };
		CD7642A8161EDAE400E0B657 /* Reachability.h */ = {isa = PBXFileReference; fileEncoding = 4; lastKnownFileType = sourcecode.c.h; name = Reachability.h; path = Frameworks/ASIHTTPRequest/External/Reachability/Reachability.h; sourceTree = "<group>"; };
		CD7642A9161EDAE400E0B657 /* Reachability.m */ = {isa = PBXFileReference; fileEncoding = 4; lastKnownFileType = sourcecode.c.objc; name = Reachability.m; path = Frameworks/ASIHTTPRequest/External/Reachability/Reachability.m; sourceTree = "<group>"; };
		CD7642AB161EDB7700E0B657 /* CFNetwork.framework */ = {isa = PBXFileReference; lastKnownFileType = wrapper.framework; name = CFNetwork.framework; path = System/Library/Frameworks/CFNetwork.framework; sourceTree = SDKROOT; };
		CD7642AD161EDB8300E0B657 /* SystemConfiguration.framework */ = {isa = PBXFileReference; lastKnownFileType = wrapper.framework; name = SystemConfiguration.framework; path = System/Library/Frameworks/SystemConfiguration.framework; sourceTree = SDKROOT; };
		CD7642AF161EDB8E00E0B657 /* MobileCoreServices.framework */ = {isa = PBXFileReference; lastKnownFileType = wrapper.framework; name = MobileCoreServices.framework; path = System/Library/Frameworks/MobileCoreServices.framework; sourceTree = SDKROOT; };
		CD7642B1161EDB9E00E0B657 /* libz.dylib */ = {isa = PBXFileReference; lastKnownFileType = "compiled.mach-o.dylib"; name = libz.dylib; path = usr/lib/libz.dylib; sourceTree = SDKROOT; };
		CDAFB9CE16122262002D6E86 /* Photo.app */ = {isa = PBXFileReference; explicitFileType = wrapper.application; includeInIndex = 0; path = Photo.app; sourceTree = BUILT_PRODUCTS_DIR; };
		CDAFB9D216122262002D6E86 /* UIKit.framework */ = {isa = PBXFileReference; lastKnownFileType = wrapper.framework; name = UIKit.framework; path = System/Library/Frameworks/UIKit.framework; sourceTree = SDKROOT; };
		CDAFB9D416122262002D6E86 /* Foundation.framework */ = {isa = PBXFileReference; lastKnownFileType = wrapper.framework; name = Foundation.framework; path = System/Library/Frameworks/Foundation.framework; sourceTree = SDKROOT; };
		CDAFB9D616122262002D6E86 /* CoreGraphics.framework */ = {isa = PBXFileReference; lastKnownFileType = wrapper.framework; name = CoreGraphics.framework; path = System/Library/Frameworks/CoreGraphics.framework; sourceTree = SDKROOT; };
		CDAFB9D816122262002D6E86 /* CoreData.framework */ = {isa = PBXFileReference; lastKnownFileType = wrapper.framework; name = CoreData.framework; path = System/Library/Frameworks/CoreData.framework; sourceTree = SDKROOT; };
		CDAFB9DC16122262002D6E86 /* Photo-Info.plist */ = {isa = PBXFileReference; lastKnownFileType = text.plist.xml; path = "Photo-Info.plist"; sourceTree = "<group>"; };
		CDAFB9DE16122262002D6E86 /* en */ = {isa = PBXFileReference; lastKnownFileType = text.plist.strings; name = en; path = en.lproj/InfoPlist.strings; sourceTree = "<group>"; };
		CDAFB9E016122262002D6E86 /* main.m */ = {isa = PBXFileReference; lastKnownFileType = sourcecode.c.objc; path = main.m; sourceTree = "<group>"; };
		CDAFB9E216122263002D6E86 /* Photo-Prefix.pch */ = {isa = PBXFileReference; lastKnownFileType = sourcecode.c.h; path = "Photo-Prefix.pch"; sourceTree = "<group>"; };
		CDAFB9E316122263002D6E86 /* AppDelegate.h */ = {isa = PBXFileReference; lastKnownFileType = sourcecode.c.h; path = AppDelegate.h; sourceTree = "<group>"; };
		CDAFB9E416122263002D6E86 /* AppDelegate.m */ = {isa = PBXFileReference; lastKnownFileType = sourcecode.c.objc; path = AppDelegate.m; sourceTree = "<group>"; };
		CDAFB9ED16122263002D6E86 /* Photo.xcdatamodel */ = {isa = PBXFileReference; lastKnownFileType = wrapper.xcdatamodel; path = Photo.xcdatamodel; sourceTree = "<group>"; };
		CDAFB9F416122263002D6E86 /* PhotoTests.octest */ = {isa = PBXFileReference; explicitFileType = wrapper.cfbundle; includeInIndex = 0; path = PhotoTests.octest; sourceTree = BUILT_PRODUCTS_DIR; };
		CDAFB9F516122263002D6E86 /* SenTestingKit.framework */ = {isa = PBXFileReference; lastKnownFileType = wrapper.framework; name = SenTestingKit.framework; path = Library/Frameworks/SenTestingKit.framework; sourceTree = DEVELOPER_DIR; };
		CDAFB9FE16122263002D6E86 /* PhotoTests-Info.plist */ = {isa = PBXFileReference; lastKnownFileType = text.plist.xml; path = "PhotoTests-Info.plist"; sourceTree = "<group>"; };
		CDAFBA0016122263002D6E86 /* en */ = {isa = PBXFileReference; lastKnownFileType = text.plist.strings; name = en; path = en.lproj/InfoPlist.strings; sourceTree = "<group>"; };
		CDAFBA0216122263002D6E86 /* PhotoTests.h */ = {isa = PBXFileReference; lastKnownFileType = sourcecode.c.h; path = PhotoTests.h; sourceTree = "<group>"; };
		CDAFBA0316122263002D6E86 /* PhotoTests.m */ = {isa = PBXFileReference; lastKnownFileType = sourcecode.c.objc; path = PhotoTests.m; sourceTree = "<group>"; };
		CDC3A7E6161DF89D003FDC2E /* MenuViewController.h */ = {isa = PBXFileReference; fileEncoding = 4; lastKnownFileType = sourcecode.c.h; path = MenuViewController.h; sourceTree = "<group>"; };
		CDC3A7E7161DF89D003FDC2E /* MenuViewController.m */ = {isa = PBXFileReference; fileEncoding = 4; lastKnownFileType = sourcecode.c.objc; path = MenuViewController.m; sourceTree = "<group>"; };
		CDC3A7E8161DF89D003FDC2E /* MenuViewController.xib */ = {isa = PBXFileReference; fileEncoding = 4; lastKnownFileType = file.xib; path = MenuViewController.xib; sourceTree = "<group>"; };
		CDC3A7EC161DFAEA003FDC2E /* de */ = {isa = PBXFileReference; lastKnownFileType = text.plist.strings; name = de; path = de.lproj/Localizable.strings; sourceTree = "<group>"; };
		CDC3A7EE161DFAF3003FDC2E /* en */ = {isa = PBXFileReference; lastKnownFileType = text.plist.strings; name = en; path = en.lproj/Localizable.strings; sourceTree = "<group>"; };
		CDC3A7EF161DFAFD003FDC2E /* fr */ = {isa = PBXFileReference; lastKnownFileType = text.plist.strings; name = fr; path = fr.lproj/Localizable.strings; sourceTree = "<group>"; };
		CDC3A7F0161DFC37003FDC2E /* pt */ = {isa = PBXFileReference; lastKnownFileType = text.plist.strings; name = pt; path = pt.lproj/Localizable.strings; sourceTree = "<group>"; };
		CDC3A7F3161DFFC3003FDC2E /* nl */ = {isa = PBXFileReference; lastKnownFileType = text.plist.strings; name = nl; path = nl.lproj/Localizable.strings; sourceTree = "<group>"; };
		CDC3A7F4161DFFCD003FDC2E /* es */ = {isa = PBXFileReference; lastKnownFileType = text.plist.strings; name = es; path = es.lproj/Localizable.strings; sourceTree = "<group>"; };
		CDEC2562161C3A280062E9B0 /* IIViewDeckController.h */ = {isa = PBXFileReference; fileEncoding = 4; lastKnownFileType = sourcecode.c.h; name = IIViewDeckController.h; path = Frameworks/ViewDeck/ViewDeck/IIViewDeckController.h; sourceTree = "<group>"; };
		CDEC2563161C3A280062E9B0 /* IIViewDeckController.m */ = {isa = PBXFileReference; fileEncoding = 4; lastKnownFileType = sourcecode.c.objc; name = IIViewDeckController.m; path = Frameworks/ViewDeck/ViewDeck/IIViewDeckController.m; sourceTree = "<group>"; };
		CDEC2564161C3A280062E9B0 /* WrapController.h */ = {isa = PBXFileReference; fileEncoding = 4; lastKnownFileType = sourcecode.c.h; name = WrapController.h; path = Frameworks/ViewDeck/ViewDeck/WrapController.h; sourceTree = "<group>"; };
		CDEC2565161C3A280062E9B0 /* WrapController.m */ = {isa = PBXFileReference; fileEncoding = 4; lastKnownFileType = sourcecode.c.objc; name = WrapController.m; path = Frameworks/ViewDeck/ViewDeck/WrapController.m; sourceTree = "<group>"; };
		CDEC257D161C70DD0062E9B0 /* Entitlements.entitlements */ = {isa = PBXFileReference; fileEncoding = 4; lastKnownFileType = text.xml; path = Entitlements.entitlements; sourceTree = SOURCE_ROOT; };
		CDEC2580161C75B70062E9B0 /* ViewController.h */ = {isa = PBXFileReference; fileEncoding = 4; lastKnownFileType = sourcecode.c.h; path = ViewController.h; sourceTree = "<group>"; };
		CDEC2581161C75B70062E9B0 /* ViewController.m */ = {isa = PBXFileReference; fileEncoding = 4; lastKnownFileType = sourcecode.c.objc; path = ViewController.m; sourceTree = "<group>"; };
		CDEC2582161C75B70062E9B0 /* ViewController.xib */ = {isa = PBXFileReference; fileEncoding = 4; lastKnownFileType = file.xib; path = ViewController.xib; sourceTree = "<group>"; };
		CDEC2586161C75B80062E9B0 /* RightViewController.h */ = {isa = PBXFileReference; fileEncoding = 4; lastKnownFileType = sourcecode.c.h; path = RightViewController.h; sourceTree = "<group>"; };
		CDEC2587161C75B80062E9B0 /* RightViewController.m */ = {isa = PBXFileReference; fileEncoding = 4; lastKnownFileType = sourcecode.c.objc; path = RightViewController.m; sourceTree = "<group>"; };
		CDEC2588161C75B80062E9B0 /* RightViewController.xib */ = {isa = PBXFileReference; fileEncoding = 4; lastKnownFileType = file.xib; path = RightViewController.xib; sourceTree = "<group>"; };
/* End PBXFileReference section */

/* Begin PBXFrameworksBuildPhase section */
		CDAFB9CB16122262002D6E86 /* Frameworks */ = {
			isa = PBXFrameworksBuildPhase;
			buildActionMask = 2147483647;
			files = (
				CD7642B2161EDB9E00E0B657 /* libz.dylib in Frameworks */,
				CD7642B0161EDB8E00E0B657 /* MobileCoreServices.framework in Frameworks */,
				CD7642AE161EDB8300E0B657 /* SystemConfiguration.framework in Frameworks */,
				CD7642AC161EDB7700E0B657 /* CFNetwork.framework in Frameworks */,
				CDAFB9D316122262002D6E86 /* UIKit.framework in Frameworks */,
				CDAFB9D516122262002D6E86 /* Foundation.framework in Frameworks */,
				CDAFB9D716122262002D6E86 /* CoreGraphics.framework in Frameworks */,
				CDAFB9D916122262002D6E86 /* CoreData.framework in Frameworks */,
			);
			runOnlyForDeploymentPostprocessing = 0;
		};
		CDAFB9F016122263002D6E86 /* Frameworks */ = {
			isa = PBXFrameworksBuildPhase;
			buildActionMask = 2147483647;
			files = (
				CDAFB9F616122263002D6E86 /* SenTestingKit.framework in Frameworks */,
				CDAFB9F716122263002D6E86 /* UIKit.framework in Frameworks */,
				CDAFB9F816122263002D6E86 /* Foundation.framework in Frameworks */,
				CDAFB9F916122263002D6E86 /* CoreData.framework in Frameworks */,
			);
			runOnlyForDeploymentPostprocessing = 0;
		};
/* End PBXFrameworksBuildPhase section */

/* Begin PBXGroup section */
		CD4613D2161C7A9F0028619D /* CoreData */ = {
			isa = PBXGroup;
			children = (
				CDAFB9EC16122263002D6E86 /* Photo.xcdatamodeld */,
			);
			name = CoreData;
			sourceTree = "<group>";
		};
		CD4613D3161C7AB40028619D /* Authentication */ = {
			isa = PBXGroup;
			children = (
			);
			name = Authentication;
			sourceTree = "<group>";
		};
		CD4613D4161C7AC00028619D /* Server */ = {
			isa = PBXGroup;
			children = (
			);
			name = Server;
			sourceTree = "<group>";
		};
		CD4613D5161C7ACB0028619D /* Home */ = {
			isa = PBXGroup;
			children = (
				CDEC2580161C75B70062E9B0 /* ViewController.h */,
				CDEC2581161C75B70062E9B0 /* ViewController.m */,
				CDEC2582161C75B70062E9B0 /* ViewController.xib */,
			);
			name = Home;
			sourceTree = "<group>";
		};
		CD4613D6161C7AEA0028619D /* Gallery */ = {
			isa = PBXGroup;
			children = (
			);
			name = Gallery;
			sourceTree = "<group>";
		};
		CD4613D7161C7AFA0028619D /* Sync */ = {
			isa = PBXGroup;
			children = (
				CDEC2586161C75B80062E9B0 /* RightViewController.h */,
				CDEC2587161C75B80062E9B0 /* RightViewController.m */,
				CDEC2588161C75B80062E9B0 /* RightViewController.xib */,
			);
			name = Sync;
			sourceTree = "<group>";
		};
		CD4613D8161C7B000028619D /* Settings */ = {
			isa = PBXGroup;
			children = (
			);
			name = Settings;
			sourceTree = "<group>";
		};
		CD4613D9161C7B0C0028619D /* Upload */ = {
			isa = PBXGroup;
			children = (
			);
			name = Upload;
			sourceTree = "<group>";
		};
		CD4613DA161C7B190028619D /* Settings */ = {
			isa = PBXGroup;
			children = (
			);
			name = Settings;
			sourceTree = "<group>";
		};
		CD4613DB161C7B3A0028619D /* Menu */ = {
			isa = PBXGroup;
			children = (
				CDC3A7E6161DF89D003FDC2E /* MenuViewController.h */,
				CDC3A7E7161DF89D003FDC2E /* MenuViewController.m */,
				CDC3A7E8161DF89D003FDC2E /* MenuViewController.xib */,
			);
			name = Menu;
			sourceTree = "<group>";
		};
		CD4613DC161C7B800028619D /* Images */ = {
			isa = PBXGroup;
			children = (
				CD4613E3161C7CA20028619D /* Icon.png */,
				CD4613E4161C7CA20028619D /* Icon@2x.png */,
				CD4613DD161C7C7C0028619D /* Default-568h@2x.png */,
				CD4613DE161C7C7C0028619D /* Default.png */,
				CD4613DF161C7C7C0028619D /* Default@2x.png */,
			);
			name = Images;
			sourceTree = "<group>";
		};
		CD764283161ED9A900E0B657 /* iRate */ = {
			isa = PBXGroup;
			children = (
				CD764285161ED9BB00E0B657 /* iRate.bundle */,
				CD764286161ED9BB00E0B657 /* iRate.h */,
				CD764287161ED9BB00E0B657 /* iRate.m */,
			);
			name = iRate;
			sourceTree = "<group>";
		};
		CD76428A161ED9E600E0B657 /* ASIHTTPRequest */ = {
			isa = PBXGroup;
			children = (
				CD76428B161EDAC000E0B657 /* ASIAuthenticationDialog.h */,
				CD76428C161EDAC000E0B657 /* ASIAuthenticationDialog.m */,
				CD76428D161EDAC000E0B657 /* ASICacheDelegate.h */,
				CD76428E161EDAC000E0B657 /* ASIDataCompressor.h */,
				CD76428F161EDAC000E0B657 /* ASIDataCompressor.m */,
				CD764290161EDAC000E0B657 /* ASIDataDecompressor.h */,
				CD764291161EDAC000E0B657 /* ASIDataDecompressor.m */,
				CD764292161EDAC000E0B657 /* ASIDownloadCache.h */,
				CD764293161EDAC000E0B657 /* ASIDownloadCache.m */,
				CD764294161EDAC000E0B657 /* ASIFormDataRequest.h */,
				CD764295161EDAC000E0B657 /* ASIFormDataRequest.m */,
				CD764296161EDAC000E0B657 /* ASIHTTPRequest.h */,
				CD764297161EDAC000E0B657 /* ASIHTTPRequest.m */,
				CD764298161EDAC000E0B657 /* ASIHTTPRequestConfig.h */,
				CD764299161EDAC000E0B657 /* ASIHTTPRequestDelegate.h */,
				CD76429A161EDAC000E0B657 /* ASIInputStream.h */,
				CD76429B161EDAC000E0B657 /* ASIInputStream.m */,
				CD76429C161EDAC000E0B657 /* ASINetworkQueue.h */,
				CD76429D161EDAC000E0B657 /* ASINetworkQueue.m */,
				CD76429E161EDAC000E0B657 /* ASIProgressDelegate.h */,
			);
			name = ASIHTTPRequest;
			sourceTree = "<group>";
		};
		CD7642A7161EDAD100E0B657 /* Reachability */ = {
			isa = PBXGroup;
			children = (
				CD7642A8161EDAE400E0B657 /* Reachability.h */,
				CD7642A9161EDAE400E0B657 /* Reachability.m */,
			);
			name = Reachability;
			sourceTree = "<group>";
		};
		CDAFB9C316122262002D6E86 = {
			isa = PBXGroup;
			children = (
				CDEC257D161C70DD0062E9B0 /* Entitlements.entitlements */,
				CDAFB9DA16122262002D6E86 /* Photo */,
				CDAFB9FC16122263002D6E86 /* PhotoTests */,
				CDAFB9D116122262002D6E86 /* Frameworks */,
				CDAFB9CF16122262002D6E86 /* Products */,
			);
			sourceTree = "<group>";
		};
		CDAFB9CF16122262002D6E86 /* Products */ = {
			isa = PBXGroup;
			children = (
				CDAFB9CE16122262002D6E86 /* Photo.app */,
				CDAFB9F416122263002D6E86 /* PhotoTests.octest */,
			);
			name = Products;
			sourceTree = "<group>";
		};
		CDAFB9D116122262002D6E86 /* Frameworks */ = {
			isa = PBXGroup;
			children = (
				CD7642A7161EDAD100E0B657 /* Reachability */,
				CD76428A161ED9E600E0B657 /* ASIHTTPRequest */,
				CD764283161ED9A900E0B657 /* iRate */,
				CDEC2560161C39E10062E9B0 /* ViewDeck */,
				CDAFB9D216122262002D6E86 /* UIKit.framework */,
				CDAFB9D416122262002D6E86 /* Foundation.framework */,
				CDAFB9D616122262002D6E86 /* CoreGraphics.framework */,
				CDAFB9D816122262002D6E86 /* CoreData.framework */,
				CD7642B1161EDB9E00E0B657 /* libz.dylib */,
				CD7642AF161EDB8E00E0B657 /* MobileCoreServices.framework */,
				CD7642AD161EDB8300E0B657 /* SystemConfiguration.framework */,
				CD7642AB161EDB7700E0B657 /* CFNetwork.framework */,
				CDAFB9F516122263002D6E86 /* SenTestingKit.framework */,
			);
			name = Frameworks;
			sourceTree = "<group>";
		};
		CDAFB9DA16122262002D6E86 /* Photo */ = {
			isa = PBXGroup;
			children = (
				CD4613D2161C7A9F0028619D /* CoreData */,
				CD4613D3161C7AB40028619D /* Authentication */,
				CD4613DB161C7B3A0028619D /* Menu */,
				CD4613D5161C7ACB0028619D /* Home */,
				CD4613DA161C7B190028619D /* Settings */,
				CD4613D9161C7B0C0028619D /* Upload */,
				CD4613D8161C7B000028619D /* Settings */,
				CD4613D7161C7AFA0028619D /* Sync */,
				CD4613D6161C7AEA0028619D /* Gallery */,
				CD4613D4161C7AC00028619D /* Server */,
				CDAFB9DB16122262002D6E86 /* Supporting Files */,
				CDAFB9E316122263002D6E86 /* AppDelegate.h */,
				CDAFB9E416122263002D6E86 /* AppDelegate.m */,
			);
			path = Photo;
			sourceTree = "<group>";
		};
		CDAFB9DB16122262002D6E86 /* Supporting Files */ = {
			isa = PBXGroup;
			children = (
				CDC3A7EB161DFAEA003FDC2E /* Localizable.strings */,
				CD4613DC161C7B800028619D /* Images */,
				CDAFB9DC16122262002D6E86 /* Photo-Info.plist */,
				CDAFB9DD16122262002D6E86 /* InfoPlist.strings */,
				CDAFB9E016122262002D6E86 /* main.m */,
				CDAFB9E216122263002D6E86 /* Photo-Prefix.pch */,
			);
			name = "Supporting Files";
			sourceTree = "<group>";
		};
		CDAFB9FC16122263002D6E86 /* PhotoTests */ = {
			isa = PBXGroup;
			children = (
				CDAFBA0216122263002D6E86 /* PhotoTests.h */,
				CDAFBA0316122263002D6E86 /* PhotoTests.m */,
				CDAFB9FD16122263002D6E86 /* Supporting Files */,
			);
			path = PhotoTests;
			sourceTree = "<group>";
		};
		CDAFB9FD16122263002D6E86 /* Supporting Files */ = {
			isa = PBXGroup;
			children = (
				CDAFB9FE16122263002D6E86 /* PhotoTests-Info.plist */,
				CDAFB9FF16122263002D6E86 /* InfoPlist.strings */,
			);
			name = "Supporting Files";
			sourceTree = "<group>";
		};
		CDEC2560161C39E10062E9B0 /* ViewDeck */ = {
			isa = PBXGroup;
			children = (
				CDEC2562161C3A280062E9B0 /* IIViewDeckController.h */,
				CDEC2563161C3A280062E9B0 /* IIViewDeckController.m */,
				CDEC2564161C3A280062E9B0 /* WrapController.h */,
				CDEC2565161C3A280062E9B0 /* WrapController.m */,
			);
			name = ViewDeck;
			sourceTree = "<group>";
		};
/* End PBXGroup section */

/* Begin PBXNativeTarget section */
		CDAFB9CD16122262002D6E86 /* Photo */ = {
			isa = PBXNativeTarget;
			buildConfigurationList = CDAFBA0716122263002D6E86 /* Build configuration list for PBXNativeTarget "Photo" */;
			buildPhases = (
				CDAFB9CA16122262002D6E86 /* Sources */,
				CDAFB9CB16122262002D6E86 /* Frameworks */,
				CDAFB9CC16122262002D6E86 /* Resources */,
			);
			buildRules = (
			);
			dependencies = (
			);
			name = Photo;
			productName = Photo;
			productReference = CDAFB9CE16122262002D6E86 /* Photo.app */;
			productType = "com.apple.product-type.application";
		};
		CDAFB9F316122263002D6E86 /* PhotoTests */ = {
			isa = PBXNativeTarget;
			buildConfigurationList = CDAFBA0A16122263002D6E86 /* Build configuration list for PBXNativeTarget "PhotoTests" */;
			buildPhases = (
				CDAFB9EF16122263002D6E86 /* Sources */,
				CDAFB9F016122263002D6E86 /* Frameworks */,
				CDAFB9F116122263002D6E86 /* Resources */,
				CDAFB9F216122263002D6E86 /* ShellScript */,
			);
			buildRules = (
			);
			dependencies = (
				CDAFB9FB16122263002D6E86 /* PBXTargetDependency */,
			);
			name = PhotoTests;
			productName = PhotoTests;
			productReference = CDAFB9F416122263002D6E86 /* PhotoTests.octest */;
			productType = "com.apple.product-type.bundle";
		};
/* End PBXNativeTarget section */

/* Begin PBXProject section */
		CDAFB9C516122262002D6E86 /* Project object */ = {
			isa = PBXProject;
			attributes = {
				LastUpgradeCheck = 0450;
				ORGANIZATIONNAME = "Photo Project";
			};
			buildConfigurationList = CDAFB9C816122262002D6E86 /* Build configuration list for PBXProject "Photo" */;
			compatibilityVersion = "Xcode 3.2";
			developmentRegion = English;
			hasScannedForEncodings = 0;
			knownRegions = (
				en,
				de,
				fr,
				pt,
				"nl-BE",
				"es-VE",
				nl,
				es,
			);
			mainGroup = CDAFB9C316122262002D6E86;
			productRefGroup = CDAFB9CF16122262002D6E86 /* Products */;
			projectDirPath = "";
			projectRoot = "";
			targets = (
				CDAFB9CD16122262002D6E86 /* Photo */,
				CDAFB9F316122263002D6E86 /* PhotoTests */,
			);
		};
/* End PBXProject section */

/* Begin PBXResourcesBuildPhase section */
		CDAFB9CC16122262002D6E86 /* Resources */ = {
			isa = PBXResourcesBuildPhase;
			buildActionMask = 2147483647;
			files = (
				CDAFB9DF16122262002D6E86 /* InfoPlist.strings in Resources */,
				CDEC257E161C70DD0062E9B0 /* Entitlements.entitlements in Resources */,
				CDEC258A161C75B80062E9B0 /* ViewController.xib in Resources */,
				CDEC258E161C75B80062E9B0 /* RightViewController.xib in Resources */,
				CD4613E0161C7C7C0028619D /* Default-568h@2x.png in Resources */,
				CD4613E1161C7C7C0028619D /* Default.png in Resources */,
				CD4613E2161C7C7C0028619D /* Default@2x.png in Resources */,
				CD4613E5161C7CA20028619D /* Icon.png in Resources */,
				CD4613E6161C7CA20028619D /* Icon@2x.png in Resources */,
				CDC3A7EA161DF89D003FDC2E /* MenuViewController.xib in Resources */,
				CDC3A7ED161DFAEA003FDC2E /* Localizable.strings in Resources */,
				CD764288161ED9BB00E0B657 /* iRate.bundle in Resources */,
			);
			runOnlyForDeploymentPostprocessing = 0;
		};
		CDAFB9F116122263002D6E86 /* Resources */ = {
			isa = PBXResourcesBuildPhase;
			buildActionMask = 2147483647;
			files = (
				CDAFBA0116122263002D6E86 /* InfoPlist.strings in Resources */,
			);
			runOnlyForDeploymentPostprocessing = 0;
		};
/* End PBXResourcesBuildPhase section */

/* Begin PBXShellScriptBuildPhase section */
		CDAFB9F216122263002D6E86 /* ShellScript */ = {
			isa = PBXShellScriptBuildPhase;
			buildActionMask = 2147483647;
			files = (
			);
			inputPaths = (
			);
			outputPaths = (
			);
			runOnlyForDeploymentPostprocessing = 0;
			shellPath = /bin/sh;
			shellScript = "# Run the unit tests in this test bundle.\n\"${SYSTEM_DEVELOPER_DIR}/Tools/RunUnitTests\"\n";
		};
/* End PBXShellScriptBuildPhase section */

/* Begin PBXSourcesBuildPhase section */
		CDAFB9CA16122262002D6E86 /* Sources */ = {
			isa = PBXSourcesBuildPhase;
			buildActionMask = 2147483647;
			files = (
				CD4613CE161C78B00028619D /* IIViewDeckController.m in Sources */,
				CD4613D0161C78B00028619D /* WrapController.m in Sources */,
				CDAFB9E116122262002D6E86 /* main.m in Sources */,
				CDAFB9E516122263002D6E86 /* AppDelegate.m in Sources */,
				CDAFB9EE16122263002D6E86 /* Photo.xcdatamodeld in Sources */,
				CDEC2589161C75B80062E9B0 /* ViewController.m in Sources */,
				CDEC258D161C75B80062E9B0 /* RightViewController.m in Sources */,
				CDC3A7E9161DF89D003FDC2E /* MenuViewController.m in Sources */,
				CD764289161ED9BB00E0B657 /* iRate.m in Sources */,
				CD76429F161EDAC000E0B657 /* ASIAuthenticationDialog.m in Sources */,
				CD7642A0161EDAC000E0B657 /* ASIDataCompressor.m in Sources */,
				CD7642A1161EDAC000E0B657 /* ASIDataDecompressor.m in Sources */,
				CD7642A2161EDAC000E0B657 /* ASIDownloadCache.m in Sources */,
				CD7642A3161EDAC000E0B657 /* ASIFormDataRequest.m in Sources */,
				CD7642A4161EDAC000E0B657 /* ASIHTTPRequest.m in Sources */,
				CD7642A5161EDAC000E0B657 /* ASIInputStream.m in Sources */,
				CD7642A6161EDAC000E0B657 /* ASINetworkQueue.m in Sources */,
				CD7642AA161EDAE400E0B657 /* Reachability.m in Sources */,
			);
			runOnlyForDeploymentPostprocessing = 0;
		};
		CDAFB9EF16122263002D6E86 /* Sources */ = {
			isa = PBXSourcesBuildPhase;
			buildActionMask = 2147483647;
			files = (
				CDAFBA0416122263002D6E86 /* PhotoTests.m in Sources */,
				CDEC2566161C3A280062E9B0 /* IIViewDeckController.m in Sources */,
				CDEC2567161C3A280062E9B0 /* WrapController.m in Sources */,
			);
			runOnlyForDeploymentPostprocessing = 0;
		};
/* End PBXSourcesBuildPhase section */

/* Begin PBXTargetDependency section */
		CDAFB9FB16122263002D6E86 /* PBXTargetDependency */ = {
			isa = PBXTargetDependency;
			target = CDAFB9CD16122262002D6E86 /* Photo */;
			targetProxy = CDAFB9FA16122263002D6E86 /* PBXContainerItemProxy */;
		};
/* End PBXTargetDependency section */

/* Begin PBXVariantGroup section */
		CDAFB9DD16122262002D6E86 /* InfoPlist.strings */ = {
			isa = PBXVariantGroup;
			children = (
				CDAFB9DE16122262002D6E86 /* en */,
			);
			name = InfoPlist.strings;
			sourceTree = "<group>";
		};
		CDAFB9FF16122263002D6E86 /* InfoPlist.strings */ = {
			isa = PBXVariantGroup;
			children = (
				CDAFBA0016122263002D6E86 /* en */,
			);
			name = InfoPlist.strings;
			sourceTree = "<group>";
		};
		CDC3A7EB161DFAEA003FDC2E /* Localizable.strings */ = {
			isa = PBXVariantGroup;
			children = (
				CDC3A7EC161DFAEA003FDC2E /* de */,
				CDC3A7EE161DFAF3003FDC2E /* en */,
				CDC3A7EF161DFAFD003FDC2E /* fr */,
				CDC3A7F0161DFC37003FDC2E /* pt */,
				CDC3A7F3161DFFC3003FDC2E /* nl */,
				CDC3A7F4161DFFCD003FDC2E /* es */,
			);
			name = Localizable.strings;
			sourceTree = "<group>";
		};
/* End PBXVariantGroup section */

/* Begin XCBuildConfiguration section */
		CDAFBA0516122263002D6E86 /* Debug */ = {
			isa = XCBuildConfiguration;
			buildSettings = {
				ALWAYS_SEARCH_USER_PATHS = NO;
				CLANG_CXX_LANGUAGE_STANDARD = "gnu++0x";
				CLANG_CXX_LIBRARY = "libc++";
				CLANG_ENABLE_OBJC_ARC = YES;
				CLANG_WARN_EMPTY_BODY = YES;
				CLANG_WARN__DUPLICATE_METHOD_MATCH = YES;
				"CODE_SIGN_IDENTITY[sdk=iphoneos*]" = "iPhone Developer";
				COPY_PHASE_STRIP = NO;
				GCC_C_LANGUAGE_STANDARD = gnu99;
				GCC_DYNAMIC_NO_PIC = NO;
				GCC_OPTIMIZATION_LEVEL = 0;
				GCC_PREPROCESSOR_DEFINITIONS = (
					"DEBUG=1",
					"$(inherited)",
				);
				GCC_SYMBOLS_PRIVATE_EXTERN = NO;
				GCC_WARN_ABOUT_RETURN_TYPE = YES;
				GCC_WARN_UNINITIALIZED_AUTOS = YES;
				GCC_WARN_UNUSED_VARIABLE = YES;
				IPHONEOS_DEPLOYMENT_TARGET = 6.0;
				SDKROOT = iphoneos;
				TARGETED_DEVICE_FAMILY = "1,2";
			};
			name = Debug;
		};
		CDAFBA0616122263002D6E86 /* Release */ = {
			isa = XCBuildConfiguration;
			buildSettings = {
				ALWAYS_SEARCH_USER_PATHS = NO;
				CLANG_CXX_LANGUAGE_STANDARD = "gnu++0x";
				CLANG_CXX_LIBRARY = "libc++";
				CLANG_ENABLE_OBJC_ARC = YES;
				CLANG_WARN_EMPTY_BODY = YES;
				CLANG_WARN__DUPLICATE_METHOD_MATCH = YES;
				"CODE_SIGN_IDENTITY[sdk=iphoneos*]" = "iPhone Developer";
				COPY_PHASE_STRIP = YES;
				GCC_C_LANGUAGE_STANDARD = gnu99;
				GCC_WARN_ABOUT_RETURN_TYPE = YES;
				GCC_WARN_UNINITIALIZED_AUTOS = YES;
				GCC_WARN_UNUSED_VARIABLE = YES;
				IPHONEOS_DEPLOYMENT_TARGET = 6.0;
				OTHER_CFLAGS = "-DNS_BLOCK_ASSERTIONS=1";
				SDKROOT = iphoneos;
				TARGETED_DEVICE_FAMILY = "1,2";
				VALIDATE_PRODUCT = YES;
			};
			name = Release;
		};
		CDAFBA0816122263002D6E86 /* Debug */ = {
			isa = XCBuildConfiguration;
			buildSettings = {
				CODE_SIGN_ENTITLEMENTS = Entitlements.entitlements;
				GCC_PRECOMPILE_PREFIX_HEADER = YES;
				GCC_PREFIX_HEADER = "Photo/Photo-Prefix.pch";
				INFOPLIST_FILE = "Photo/Photo-Info.plist";
				PRODUCT_NAME = "$(TARGET_NAME)";
				WRAPPER_EXTENSION = app;
			};
			name = Debug;
		};
		CDAFBA0916122263002D6E86 /* Release */ = {
			isa = XCBuildConfiguration;
			buildSettings = {
				CODE_SIGN_ENTITLEMENTS = Entitlements.entitlements;
				GCC_PRECOMPILE_PREFIX_HEADER = YES;
				GCC_PREFIX_HEADER = "Photo/Photo-Prefix.pch";
				INFOPLIST_FILE = "Photo/Photo-Info.plist";
				PRODUCT_NAME = "$(TARGET_NAME)";
				WRAPPER_EXTENSION = app;
			};
			name = Release;
		};
		CDAFBA0B16122263002D6E86 /* Debug */ = {
			isa = XCBuildConfiguration;
			buildSettings = {
				BUNDLE_LOADER = "$(BUILT_PRODUCTS_DIR)/Photo.app/Photo";
				FRAMEWORK_SEARCH_PATHS = (
					"\"$(SDKROOT)/Developer/Library/Frameworks\"",
					"\"$(DEVELOPER_LIBRARY_DIR)/Frameworks\"",
				);
				GCC_PRECOMPILE_PREFIX_HEADER = YES;
				GCC_PREFIX_HEADER = "Photo/Photo-Prefix.pch";
				INFOPLIST_FILE = "PhotoTests/PhotoTests-Info.plist";
				PRODUCT_NAME = "$(TARGET_NAME)";
				TEST_HOST = "$(BUNDLE_LOADER)";
				WRAPPER_EXTENSION = octest;
			};
			name = Debug;
		};
		CDAFBA0C16122263002D6E86 /* Release */ = {
			isa = XCBuildConfiguration;
			buildSettings = {
				BUNDLE_LOADER = "$(BUILT_PRODUCTS_DIR)/Photo.app/Photo";
				FRAMEWORK_SEARCH_PATHS = (
					"\"$(SDKROOT)/Developer/Library/Frameworks\"",
					"\"$(DEVELOPER_LIBRARY_DIR)/Frameworks\"",
				);
				GCC_PRECOMPILE_PREFIX_HEADER = YES;
				GCC_PREFIX_HEADER = "Photo/Photo-Prefix.pch";
				INFOPLIST_FILE = "PhotoTests/PhotoTests-Info.plist";
				PRODUCT_NAME = "$(TARGET_NAME)";
				TEST_HOST = "$(BUNDLE_LOADER)";
				WRAPPER_EXTENSION = octest;
			};
			name = Release;
		};
/* End XCBuildConfiguration section */

/* Begin XCConfigurationList section */
		CDAFB9C816122262002D6E86 /* Build configuration list for PBXProject "Photo" */ = {
			isa = XCConfigurationList;
			buildConfigurations = (
				CDAFBA0516122263002D6E86 /* Debug */,
				CDAFBA0616122263002D6E86 /* Release */,
			);
			defaultConfigurationIsVisible = 0;
			defaultConfigurationName = Release;
		};
		CDAFBA0716122263002D6E86 /* Build configuration list for PBXNativeTarget "Photo" */ = {
			isa = XCConfigurationList;
			buildConfigurations = (
				CDAFBA0816122263002D6E86 /* Debug */,
				CDAFBA0916122263002D6E86 /* Release */,
			);
			defaultConfigurationIsVisible = 0;
			defaultConfigurationName = Release;
		};
		CDAFBA0A16122263002D6E86 /* Build configuration list for PBXNativeTarget "PhotoTests" */ = {
			isa = XCConfigurationList;
			buildConfigurations = (
				CDAFBA0B16122263002D6E86 /* Debug */,
				CDAFBA0C16122263002D6E86 /* Release */,
			);
			defaultConfigurationIsVisible = 0;
			defaultConfigurationName = Release;
		};
/* End XCConfigurationList section */

/* Begin XCVersionGroup section */
		CDAFB9EC16122263002D6E86 /* Photo.xcdatamodeld */ = {
			isa = XCVersionGroup;
			children = (
				CDAFB9ED16122263002D6E86 /* Photo.xcdatamodel */,
			);
			currentVersion = CDAFB9ED16122263002D6E86 /* Photo.xcdatamodel */;
			path = Photo.xcdatamodeld;
			sourceTree = "<group>";
			versionGroupType = wrapper.xcdatamodel;
		};
/* End XCVersionGroup section */
	};
	rootObject = CDAFB9C516122262002D6E86 /* Project object */;
}
